// !$*UTF8*$!
{
	archiveVersion = 1;
	classes = {
	};
	objectVersion = 46;
	objects = {

/* Begin PBXBuildFile section */
		3F15A9961A1F259F00B63DE1 /* AppDelegate.swift in Sources */ = {isa = PBXBuildFile; fileRef = 3F15A9951A1F259F00B63DE1 /* AppDelegate.swift */; };
		3F15A9981A1F259F00B63DE1 /* ViewController.swift in Sources */ = {isa = PBXBuildFile; fileRef = 3F15A9971A1F259F00B63DE1 /* ViewController.swift */; };
		3F15A99B1A1F259F00B63DE1 /* Main.storyboard in Resources */ = {isa = PBXBuildFile; fileRef = 3F15A9991A1F259F00B63DE1 /* Main.storyboard */; };
		3F15A99D1A1F259F00B63DE1 /* Images.xcassets in Resources */ = {isa = PBXBuildFile; fileRef = 3F15A99C1A1F259F00B63DE1 /* Images.xcassets */; };
		3F15A9A01A1F259F00B63DE1 /* LaunchScreen.xib in Resources */ = {isa = PBXBuildFile; fileRef = 3F15A99E1A1F259F00B63DE1 /* LaunchScreen.xib */; };
		3F15A9AC1A1F259F00B63DE1 /* Test01Tests.swift in Sources */ = {isa = PBXBuildFile; fileRef = 3F15A9AB1A1F259F00B63DE1 /* Test01Tests.swift */; };
		3F15A9B61A1F277B00B63DE1 /* CoreAudio.framework in Frameworks */ = {isa = PBXBuildFile; fileRef = 3F15A9B51A1F277B00B63DE1 /* CoreAudio.framework */; };
		3F15A9B81A1F2E0E00B63DE1 /* BB.mp3 in Resources */ = {isa = PBXBuildFile; fileRef = 3F15A9B71A1F2E0E00B63DE1 /* BB.mp3 */; };
		3F15A9BA1A1F343F00B63DE1 /* kavo.mp3 in Resources */ = {isa = PBXBuildFile; fileRef = 3F15A9B91A1F343F00B63DE1 /* kavo.mp3 */; };
/* End PBXBuildFile section */

/* Begin PBXContainerItemProxy section */
		3F15A9A61A1F259F00B63DE1 /* PBXContainerItemProxy */ = {
			isa = PBXContainerItemProxy;
			containerPortal = 3F15A9881A1F259F00B63DE1 /* Project object */;
			proxyType = 1;
			remoteGlobalIDString = 3F15A98F1A1F259F00B63DE1;
			remoteInfo = Test01;
		};
/* End PBXContainerItemProxy section */

/* Begin PBXFileReference section */
		3F15A9901A1F259F00B63DE1 /* Test01.app */ = {isa = PBXFileReference; explicitFileType = wrapper.application; includeInIndex = 0; path = Test01.app; sourceTree = BUILT_PRODUCTS_DIR; };
		3F15A9941A1F259F00B63DE1 /* Info.plist */ = {isa = PBXFileReference; lastKnownFileType = text.plist.xml; path = Info.plist; sourceTree = "<group>"; };
		3F15A9951A1F259F00B63DE1 /* AppDelegate.swift */ = {isa = PBXFileReference; lastKnownFileType = sourcecode.swift; path = AppDelegate.swift; sourceTree = "<group>"; };
		3F15A9971A1F259F00B63DE1 /* ViewController.swift */ = {isa = PBXFileReference; lastKnownFileType = sourcecode.swift; path = ViewController.swift; sourceTree = "<group>"; };
		3F15A99A1A1F259F00B63DE1 /* Base */ = {isa = PBXFileReference; lastKnownFileType = file.storyboard; name = Base; path = Base.lproj/Main.storyboard; sourceTree = "<group>"; };
		3F15A99C1A1F259F00B63DE1 /* Images.xcassets */ = {isa = PBXFileReference; lastKnownFileType = folder.assetcatalog; path = Images.xcassets; sourceTree = "<group>"; };
		3F15A99F1A1F259F00B63DE1 /* Base */ = {isa = PBXFileReference; lastKnownFileType = file.xib; name = Base; path = Base.lproj/LaunchScreen.xib; sourceTree = "<group>"; };
		3F15A9A51A1F259F00B63DE1 /* Test01Tests.xctest */ = {isa = PBXFileReference; explicitFileType = wrapper.cfbundle; includeInIndex = 0; path = Test01Tests.xctest; sourceTree = BUILT_PRODUCTS_DIR; };
		3F15A9AA1A1F259F00B63DE1 /* Info.plist */ = {isa = PBXFileReference; lastKnownFileType = text.plist.xml; path = Info.plist; sourceTree = "<group>"; };
		3F15A9AB1A1F259F00B63DE1 /* Test01Tests.swift */ = {isa = PBXFileReference; lastKnownFileType = sourcecode.swift; path = Test01Tests.swift; sourceTree = "<group>"; };
		3F15A9B51A1F277B00B63DE1 /* CoreAudio.framework */ = {isa = PBXFileReference; lastKnownFileType = wrapper.framework; name = CoreAudio.framework; path = System/Library/Frameworks/CoreAudio.framework; sourceTree = SDKROOT; };
		3F15A9B71A1F2E0E00B63DE1 /* BB.mp3 */ = {isa = PBXFileReference; lastKnownFileType = audio.mp3; path = BB.mp3; sourceTree = "<group>"; };
		3F15A9B91A1F343F00B63DE1 /* kavo.mp3 */ = {isa = PBXFileReference; lastKnownFileType = audio.mp3; path = kavo.mp3; sourceTree = "<group>"; };
/* End PBXFileReference section */

/* Begin PBXFrameworksBuildPhase section */
		3F15A98D1A1F259F00B63DE1 /* Frameworks */ = {
			isa = PBXFrameworksBuildPhase;
			buildActionMask = 2147483647;
			files = (
				3F15A9B61A1F277B00B63DE1 /* CoreAudio.framework in Frameworks */,
			);
			runOnlyForDeploymentPostprocessing = 0;
		};
		3F15A9A21A1F259F00B63DE1 /* Frameworks */ = {
			isa = PBXFrameworksBuildPhase;
			buildActionMask = 2147483647;
			files = (
			);
			runOnlyForDeploymentPostprocessing = 0;
		};
/* End PBXFrameworksBuildPhase section */

/* Begin PBXGroup section */
		3F15A9871A1F259F00B63DE1 = {
			isa = PBXGroup;
			children = (
				3F15A9B51A1F277B00B63DE1 /* CoreAudio.framework */,
				3F15A9921A1F259F00B63DE1 /* Test01 */,
				3F15A9A81A1F259F00B63DE1 /* Test01Tests */,
				3F15A9911A1F259F00B63DE1 /* Products */,
			);
			sourceTree = "<group>";
		};
		3F15A9911A1F259F00B63DE1 /* Products */ = {
			isa = PBXGroup;
			children = (
				3F15A9901A1F259F00B63DE1 /* Test01.app */,
				3F15A9A51A1F259F00B63DE1 /* Test01Tests.xctest */,
			);
			name = Products;
			sourceTree = "<group>";
		};
		3F15A9921A1F259F00B63DE1 /* Test01 */ = {
			isa = PBXGroup;
			children = (
				3F15A9951A1F259F00B63DE1 /* AppDelegate.swift */,
				3F15A9971A1F259F00B63DE1 /* ViewController.swift */,
				3F15A9991A1F259F00B63DE1 /* Main.storyboard */,
				3F15A99C1A1F259F00B63DE1 /* Images.xcassets */,
				3F15A99E1A1F259F00B63DE1 /* LaunchScreen.xib */,
				3F15A9931A1F259F00B63DE1 /* Supporting Files */,
			);
			path = Test01;
			sourceTree = "<group>";
		};
		3F15A9931A1F259F00B63DE1 /* Supporting Files */ = {
			isa = PBXGroup;
			children = (
				3F15A9B91A1F343F00B63DE1 /* kavo.mp3 */,
				3F15A9B71A1F2E0E00B63DE1 /* BB.mp3 */,
				3F15A9941A1F259F00B63DE1 /* Info.plist */,
			);
			name = "Supporting Files";
			sourceTree = "<group>";
		};
		3F15A9A81A1F259F00B63DE1 /* Test01Tests */ = {
			isa = PBXGroup;
			children = (
				3F15A9AB1A1F259F00B63DE1 /* Test01Tests.swift */,
				3F15A9A91A1F259F00B63DE1 /* Supporting Files */,
			);
			path = Test01Tests;
			sourceTree = "<group>";
		};
		3F15A9A91A1F259F00B63DE1 /* Supporting Files */ = {
			isa = PBXGroup;
			children = (
				3F15A9AA1A1F259F00B63DE1 /* Info.plist */,
			);
			name = "Supporting Files";
			sourceTree = "<group>";
		};
/* End PBXGroup section */

/* Begin PBXNativeTarget section */
		3F15A98F1A1F259F00B63DE1 /* Test01 */ = {
			isa = PBXNativeTarget;
			buildConfigurationList = 3F15A9AF1A1F259F00B63DE1 /* Build configuration list for PBXNativeTarget "Test01" */;
			buildPhases = (
				3F15A98C1A1F259F00B63DE1 /* Sources */,
				3F15A98D1A1F259F00B63DE1 /* Frameworks */,
				3F15A98E1A1F259F00B63DE1 /* Resources */,
			);
			buildRules = (
			);
			dependencies = (
			);
			name = Test01;
			productName = Test01;
			productReference = 3F15A9901A1F259F00B63DE1 /* Test01.app */;
			productType = "com.apple.product-type.application";
		};
		3F15A9A41A1F259F00B63DE1 /* Test01Tests */ = {
			isa = PBXNativeTarget;
			buildConfigurationList = 3F15A9B21A1F259F00B63DE1 /* Build configuration list for PBXNativeTarget "Test01Tests" */;
			buildPhases = (
				3F15A9A11A1F259F00B63DE1 /* Sources */,
				3F15A9A21A1F259F00B63DE1 /* Frameworks */,
				3F15A9A31A1F259F00B63DE1 /* Resources */,
			);
			buildRules = (
			);
			dependencies = (
				3F15A9A71A1F259F00B63DE1 /* PBXTargetDependency */,
			);
			name = Test01Tests;
			productName = Test01Tests;
			productReference = 3F15A9A51A1F259F00B63DE1 /* Test01Tests.xctest */;
			productType = "com.apple.product-type.bundle.unit-test";
		};
/* End PBXNativeTarget section */

/* Begin PBXProject section */
		3F15A9881A1F259F00B63DE1 /* Project object */ = {
			isa = PBXProject;
			attributes = {
				LastUpgradeCheck = 0600;
				ORGANIZATIONNAME = Pramot;
				TargetAttributes = {
					3F15A98F1A1F259F00B63DE1 = {
						CreatedOnToolsVersion = 6.0;
					};
					3F15A9A41A1F259F00B63DE1 = {
						CreatedOnToolsVersion = 6.0;
						TestTargetID = 3F15A98F1A1F259F00B63DE1;
					};
				};
			};
			buildConfigurationList = 3F15A98B1A1F259F00B63DE1 /* Build configuration list for PBXProject "Test01" */;
			compatibilityVersion = "Xcode 3.2";
			developmentRegion = English;
			hasScannedForEncodings = 0;
			knownRegions = (
				en,
				Base,
			);
			mainGroup = 3F15A9871A1F259F00B63DE1;
			productRefGroup = 3F15A9911A1F259F00B63DE1 /* Products */;
			projectDirPath = "";
			projectRoot = "";
			targets = (
				3F15A98F1A1F259F00B63DE1 /* Test01 */,
				3F15A9A41A1F259F00B63DE1 /* Test01Tests */,
			);
		};
/* End PBXProject section */

/* Begin PBXResourcesBuildPhase section */
		3F15A98E1A1F259F00B63DE1 /* Resources */ = {
			isa = PBXResourcesBuildPhase;
			buildActionMask = 2147483647;
			files = (
				3F15A9B81A1F2E0E00B63DE1 /* BB.mp3 in Resources */,
				3F15A9BA1A1F343F00B63DE1 /* kavo.mp3 in Resources */,
				3F15A99B1A1F259F00B63DE1 /* Main.storyboard in Resources */,
				3F15A9A01A1F259F00B63DE1 /* LaunchScreen.xib in Resources */,
				3F15A99D1A1F259F00B63DE1 /* Images.xcassets in Resources */,
			);
			runOnlyForDeploymentPostprocessing = 0;
		};
		3F15A9A31A1F259F00B63DE1 /* Resources */ = {
			isa = PBXResourcesBuildPhase;
			buildActionMask = 2147483647;
			files = (
			);
			runOnlyForDeploymentPostprocessing = 0;
		};
/* End PBXResourcesBuildPhase section */

/* Begin PBXSourcesBuildPhase section */
		3F15A98C1A1F259F00B63DE1 /* Sources */ = {
			isa = PBXSourcesBuildPhase;
			buildActionMask = 2147483647;
			files = (
				3F15A9981A1F259F00B63DE1 /* ViewController.swift in Sources */,
				3F15A9961A1F259F00B63DE1 /* AppDelegate.swift in Sources */,
			);
			runOnlyForDeploymentPostprocessing = 0;
		};
		3F15A9A11A1F259F00B63DE1 /* Sources */ = {
			isa = PBXSourcesBuildPhase;
			buildActionMask = 2147483647;
			files = (
				3F15A9AC1A1F259F00B63DE1 /* Test01Tests.swift in Sources */,
			);
			runOnlyForDeploymentPostprocessing = 0;
		};
/* End PBXSourcesBuildPhase section */

/* Begin PBXTargetDependency section */
		3F15A9A71A1F259F00B63DE1 /* PBXTargetDependency */ = {
			isa = PBXTargetDependency;
			target = 3F15A98F1A1F259F00B63DE1 /* Test01 */;
			targetProxy = 3F15A9A61A1F259F00B63DE1 /* PBXContainerItemProxy */;
		};
/* End PBXTargetDependency section */

/* Begin PBXVariantGroup section */
		3F15A9991A1F259F00B63DE1 /* Main.storyboard */ = {
			isa = PBXVariantGroup;
			children = (
				3F15A99A1A1F259F00B63DE1 /* Base */,
			);
			name = Main.storyboard;
			sourceTree = "<group>";
		};
		3F15A99E1A1F259F00B63DE1 /* LaunchScreen.xib */ = {
			isa = PBXVariantGroup;
			children = (
				3F15A99F1A1F259F00B63DE1 /* Base */,
			);
			name = LaunchScreen.xib;
			sourceTree = "<group>";
		};
/* End PBXVariantGroup section */

/* Begin XCBuildConfiguration section */
		3F15A9AD1A1F259F00B63DE1 /* Debug */ = {
			isa = XCBuildConfiguration;
			buildSettings = {
				ALWAYS_SEARCH_USER_PATHS = NO;
				CLANG_CXX_LANGUAGE_STANDARD = "gnu++0x";
				CLANG_CXX_LIBRARY = "libc++";
				CLANG_ENABLE_MODULES = YES;
				CLANG_ENABLE_OBJC_ARC = YES;
				CLANG_WARN_BOOL_CONVERSION = YES;
				CLANG_WARN_CONSTANT_CONVERSION = YES;
				CLANG_WARN_DIRECT_OBJC_ISA_USAGE = YES_ERROR;
				CLANG_WARN_EMPTY_BODY = YES;
				CLANG_WARN_ENUM_CONVERSION = YES;
				CLANG_WARN_INT_CONVERSION = YES;
				CLANG_WARN_OBJC_ROOT_CLASS = YES_ERROR;
				CLANG_WARN_UNREACHABLE_CODE = YES;
				CLANG_WARN__DUPLICATE_METHOD_MATCH = YES;
				"CODE_SIGN_IDENTITY[sdk=iphoneos*]" = "iPhone Developer";
				COPY_PHASE_STRIP = NO;
				ENABLE_STRICT_OBJC_MSGSEND = YES;
				GCC_C_LANGUAGE_STANDARD = gnu99;
				GCC_DYNAMIC_NO_PIC = NO;
				GCC_OPTIMIZATION_LEVEL = 0;
				GCC_PREPROCESSOR_DEFINITIONS = (
					"DEBUG=1",
					"$(inherited)",
				);
				GCC_SYMBOLS_PRIVATE_EXTERN = NO;
				GCC_WARN_64_TO_32_BIT_CONVERSION = YES;
				GCC_WARN_ABOUT_RETURN_TYPE = YES_ERROR;
				GCC_WARN_UNDECLARED_SELECTOR = YES;
				GCC_WARN_UNINITIALIZED_AUTOS = YES_AGGRESSIVE;
				GCC_WARN_UNUSED_FUNCTION = YES;
				GCC_WARN_UNUSED_VARIABLE = YES;
				IPHONEOS_DEPLOYMENT_TARGET = 8.0;
				MTL_ENABLE_DEBUG_INFO = YES;
				ONLY_ACTIVE_ARCH = YES;
				SDKROOT = iphoneos;
				SWIFT_OPTIMIZATION_LEVEL = "-Onone";
			};
			name = Debug;
		};
		3F15A9AE1A1F259F00B63DE1 /* Release */ = {
			isa = XCBuildConfiguration;
			buildSettings = {
				ALWAYS_SEARCH_USER_PATHS = NO;
				CLANG_CXX_LANGUAGE_STANDARD = "gnu++0x";
				CLANG_CXX_LIBRARY = "libc++";
				CLANG_ENABLE_MODULES = YES;
				CLANG_ENABLE_OBJC_ARC = YES;
				CLANG_WARN_BOOL_CONVERSION = YES;
				CLANG_WARN_CONSTANT_CONVERSION = YES;
				CLANG_WARN_DIRECT_OBJC_ISA_USAGE = YES_ERROR;
				CLANG_WARN_EMPTY_BODY = YES;
				CLANG_WARN_ENUM_CONVERSION = YES;
				CLANG_WARN_INT_CONVERSION = YES;
				CLANG_WARN_OBJC_ROOT_CLASS = YES_ERROR;
				CLANG_WARN_UNREACHABLE_CODE = YES;
				CLANG_WARN__DUPLICATE_METHOD_MATCH = YES;
				"CODE_SIGN_IDENTITY[sdk=iphoneos*]" = "iPhone Developer";
				COPY_PHASE_STRIP = YES;
				ENABLE_NS_ASSERTIONS = NO;
				ENABLE_STRICT_OBJC_MSGSEND = YES;
				GCC_C_LANGUAGE_STANDARD = gnu99;
				GCC_WARN_64_TO_32_BIT_CONVERSION = YES;
				GCC_WARN_ABOUT_RETURN_TYPE = YES_ERROR;
				GCC_WARN_UNDECLARED_SELECTOR = YES;
				GCC_WARN_UNINITIALIZED_AUTOS = YES_AGGRESSIVE;
				GCC_WARN_UNUSED_FUNCTION = YES;
				GCC_WARN_UNUSED_VARIABLE = YES;
				IPHONEOS_DEPLOYMENT_TARGET = 8.0;
				MTL_ENABLE_DEBUG_INFO = NO;
				SDKROOT = iphoneos;
				VALIDATE_PRODUCT = YES;
			};
			name = Release;
		};
		3F15A9B01A1F259F00B63DE1 /* Debug */ = {
			isa = XCBuildConfiguration;
			buildSettings = {
				ASSETCATALOG_COMPILER_APPICON_NAME = AppIcon;
				INFOPLIST_FILE = Test01/Info.plist;
				LD_RUNPATH_SEARCH_PATHS = "$(inherited) @executable_path/Frameworks";
				PRODUCT_NAME = "$(TARGET_NAME)";
			};
			name = Debug;
		};
		3F15A9B11A1F259F00B63DE1 /* Release */ = {
			isa = XCBuildConfiguration;
			buildSettings = {
				ASSETCATALOG_COMPILER_APPICON_NAME = AppIcon;
				INFOPLIST_FILE = Test01/Info.plist;
				LD_RUNPATH_SEARCH_PATHS = "$(inherited) @executable_path/Frameworks";
				PRODUCT_NAME = "$(TARGET_NAME)";
			};
			name = Release;
		};
		3F15A9B31A1F259F00B63DE1 /* Debug */ = {
			isa = XCBuildConfiguration;
			buildSettings = {
				BUNDLE_LOADER = "$(TEST_HOST)";
				FRAMEWORK_SEARCH_PATHS = (
					"$(SDKROOT)/Developer/Library/Frameworks",
					"$(inherited)",
				);
				GCC_PREPROCESSOR_DEFINITIONS = (
					"DEBUG=1",
					"$(inherited)",
				);
				INFOPLIST_FILE = Test01Tests/Info.plist;
				LD_RUNPATH_SEARCH_PATHS = "$(inherited) @executable_path/Frameworks @loader_path/Frameworks";
				PRODUCT_NAME = "$(TARGET_NAME)";
				TEST_HOST = "$(BUILT_PRODUCTS_DIR)/Test01.app/Test01";
			};
			name = Debug;
		};
		3F15A9B41A1F259F00B63DE1 /* Release */ = {
			isa = XCBuildConfiguration;
			buildSettings = {
				BUNDLE_LOADER = "$(TEST_HOST)";
				FRAMEWORK_SEARCH_PATHS = (
					"$(SDKROOT)/Developer/Library/Frameworks",
					"$(inherited)",
				);
				INFOPLIST_FILE = Test01Tests/Info.plist;
				LD_RUNPATH_SEARCH_PATHS = "$(inherited) @executable_path/Frameworks @loader_path/Frameworks";
				PRODUCT_NAME = "$(TARGET_NAME)";
				TEST_HOST = "$(BUILT_PRODUCTS_DIR)/Test01.app/Test01";
			};
			name = Release;
		};
/* End XCBuildConfiguration section */

/* Begin XCConfigurationList section */
		3F15A98B1A1F259F00B63DE1 /* Build configuration list for PBXProject "Test01" */ = {
			isa = XCConfigurationList;
			buildConfigurations = (
				3F15A9AD1A1F259F00B63DE1 /* Debug */,
				3F15A9AE1A1F259F00B63DE1 /* Release */,
			);
			defaultConfigurationIsVisible = 0;
			defaultConfigurationName = Release;
		};
		3F15A9AF1A1F259F00B63DE1 /* Build configuration list for PBXNativeTarget "Test01" */ = {
			isa = XCConfigurationList;
			buildConfigurations = (
				3F15A9B01A1F259F00B63DE1 /* Debug */,
				3F15A9B11A1F259F00B63DE1 /* Release */,
			);
			defaultConfigurationIsVisible = 0;
			defaultConfigurationName = Release;
		};
		3F15A9B21A1F259F00B63DE1 /* Build configuration list for PBXNativeTarget "Test01Tests" */ = {
			isa = XCConfigurationList;
			buildConfigurations = (
				3F15A9B31A1F259F00B63DE1 /* Debug */,
				3F15A9B41A1F259F00B63DE1 /* Release */,
			);
			defaultConfigurationIsVisible = 0;
			defaultConfigurationName = Release;
		};
/* End XCConfigurationList section */
	};
	rootObject = 3F15A9881A1F259F00B63DE1 /* Project object */;
}
