// !$*UTF8*$!
{
	archiveVersion = 1;
	classes = {
	};
	objectVersion = 46;
	objects = {

/* Begin PBXBuildFile section */
		3F5FE2FB1A0368210028124F /* AppDelegate.swift in Sources */ = {isa = PBXBuildFile; fileRef = 3F5FE2FA1A0368210028124F /* AppDelegate.swift */; };
		3F5FE2FE1A0368210028124F /* CoreDataExample.xcdatamodeld in Sources */ = {isa = PBXBuildFile; fileRef = 3F5FE2FC1A0368210028124F /* CoreDataExample.xcdatamodeld */; };
		3F5FE3001A0368210028124F /* ViewController.swift in Sources */ = {isa = PBXBuildFile; fileRef = 3F5FE2FF1A0368210028124F /* ViewController.swift */; };
		3F5FE3031A0368210028124F /* Main.storyboard in Resources */ = {isa = PBXBuildFile; fileRef = 3F5FE3011A0368210028124F /* Main.storyboard */; };
		3F5FE3051A0368210028124F /* Images.xcassets in Resources */ = {isa = PBXBuildFile; fileRef = 3F5FE3041A0368210028124F /* Images.xcassets */; };
		3F5FE3081A0368210028124F /* LaunchScreen.xib in Resources */ = {isa = PBXBuildFile; fileRef = 3F5FE3061A0368210028124F /* LaunchScreen.xib */; };
		3F5FE3141A0368210028124F /* CoreDataExampleTests.swift in Sources */ = {isa = PBXBuildFile; fileRef = 3F5FE3131A0368210028124F /* CoreDataExampleTests.swift */; };
/* End PBXBuildFile section */

/* Begin PBXContainerItemProxy section */
		3F5FE30E1A0368210028124F /* PBXContainerItemProxy */ = {
			isa = PBXContainerItemProxy;
			containerPortal = 3F5FE2ED1A0368210028124F /* Project object */;
			proxyType = 1;
			remoteGlobalIDString = 3F5FE2F41A0368210028124F;
			remoteInfo = CoreDataExample;
		};
/* End PBXContainerItemProxy section */

/* Begin PBXFileReference section */
		3F5FE2F51A0368210028124F /* CoreDataExample.app */ = {isa = PBXFileReference; explicitFileType = wrapper.application; includeInIndex = 0; path = CoreDataExample.app; sourceTree = BUILT_PRODUCTS_DIR; };
		3F5FE2F91A0368210028124F /* Info.plist */ = {isa = PBXFileReference; lastKnownFileType = text.plist.xml; path = Info.plist; sourceTree = "<group>"; };
		3F5FE2FA1A0368210028124F /* AppDelegate.swift */ = {isa = PBXFileReference; lastKnownFileType = sourcecode.swift; path = AppDelegate.swift; sourceTree = "<group>"; };
		3F5FE2FD1A0368210028124F /* CoreDataExample.xcdatamodel */ = {isa = PBXFileReference; lastKnownFileType = wrapper.xcdatamodel; path = CoreDataExample.xcdatamodel; sourceTree = "<group>"; };
		3F5FE2FF1A0368210028124F /* ViewController.swift */ = {isa = PBXFileReference; lastKnownFileType = sourcecode.swift; path = ViewController.swift; sourceTree = "<group>"; };
		3F5FE3021A0368210028124F /* Base */ = {isa = PBXFileReference; lastKnownFileType = file.storyboard; name = Base; path = Base.lproj/Main.storyboard; sourceTree = "<group>"; };
		3F5FE3041A0368210028124F /* Images.xcassets */ = {isa = PBXFileReference; lastKnownFileType = folder.assetcatalog; path = Images.xcassets; sourceTree = "<group>"; };
		3F5FE3071A0368210028124F /* Base */ = {isa = PBXFileReference; lastKnownFileType = file.xib; name = Base; path = Base.lproj/LaunchScreen.xib; sourceTree = "<group>"; };
		3F5FE30D1A0368210028124F /* CoreDataExampleTests.xctest */ = {isa = PBXFileReference; explicitFileType = wrapper.cfbundle; includeInIndex = 0; path = CoreDataExampleTests.xctest; sourceTree = BUILT_PRODUCTS_DIR; };
		3F5FE3121A0368210028124F /* Info.plist */ = {isa = PBXFileReference; lastKnownFileType = text.plist.xml; path = Info.plist; sourceTree = "<group>"; };
		3F5FE3131A0368210028124F /* CoreDataExampleTests.swift */ = {isa = PBXFileReference; lastKnownFileType = sourcecode.swift; path = CoreDataExampleTests.swift; sourceTree = "<group>"; };
/* End PBXFileReference section */

/* Begin PBXFrameworksBuildPhase section */
		3F5FE2F21A0368210028124F /* Frameworks */ = {
			isa = PBXFrameworksBuildPhase;
			buildActionMask = 2147483647;
			files = (
			);
			runOnlyForDeploymentPostprocessing = 0;
		};
		3F5FE30A1A0368210028124F /* Frameworks */ = {
			isa = PBXFrameworksBuildPhase;
			buildActionMask = 2147483647;
			files = (
			);
			runOnlyForDeploymentPostprocessing = 0;
		};
/* End PBXFrameworksBuildPhase section */

/* Begin PBXGroup section */
		3F5FE2EC1A0368210028124F = {
			isa = PBXGroup;
			children = (
				3F5FE2F71A0368210028124F /* CoreDataExample */,
				3F5FE3101A0368210028124F /* CoreDataExampleTests */,
				3F5FE2F61A0368210028124F /* Products */,
			);
			sourceTree = "<group>";
		};
		3F5FE2F61A0368210028124F /* Products */ = {
			isa = PBXGroup;
			children = (
				3F5FE2F51A0368210028124F /* CoreDataExample.app */,
				3F5FE30D1A0368210028124F /* CoreDataExampleTests.xctest */,
			);
			name = Products;
			sourceTree = "<group>";
		};
		3F5FE2F71A0368210028124F /* CoreDataExample */ = {
			isa = PBXGroup;
			children = (
				3F5FE2FA1A0368210028124F /* AppDelegate.swift */,
				3F5FE2FF1A0368210028124F /* ViewController.swift */,
				3F5FE3011A0368210028124F /* Main.storyboard */,
				3F5FE3041A0368210028124F /* Images.xcassets */,
				3F5FE3061A0368210028124F /* LaunchScreen.xib */,
				3F5FE2FC1A0368210028124F /* CoreDataExample.xcdatamodeld */,
				3F5FE2F81A0368210028124F /* Supporting Files */,
			);
			path = CoreDataExample;
			sourceTree = "<group>";
		};
		3F5FE2F81A0368210028124F /* Supporting Files */ = {
			isa = PBXGroup;
			children = (
				3F5FE2F91A0368210028124F /* Info.plist */,
			);
			name = "Supporting Files";
			sourceTree = "<group>";
		};
		3F5FE3101A0368210028124F /* CoreDataExampleTests */ = {
			isa = PBXGroup;
			children = (
				3F5FE3131A0368210028124F /* CoreDataExampleTests.swift */,
				3F5FE3111A0368210028124F /* Supporting Files */,
			);
			path = CoreDataExampleTests;
			sourceTree = "<group>";
		};
		3F5FE3111A0368210028124F /* Supporting Files */ = {
			isa = PBXGroup;
			children = (
				3F5FE3121A0368210028124F /* Info.plist */,
			);
			name = "Supporting Files";
			sourceTree = "<group>";
		};
/* End PBXGroup section */

/* Begin PBXNativeTarget section */
		3F5FE2F41A0368210028124F /* CoreDataExample */ = {
			isa = PBXNativeTarget;
			buildConfigurationList = 3F5FE3171A0368210028124F /* Build configuration list for PBXNativeTarget "CoreDataExample" */;
			buildPhases = (
				3F5FE2F11A0368210028124F /* Sources */,
				3F5FE2F21A0368210028124F /* Frameworks */,
				3F5FE2F31A0368210028124F /* Resources */,
			);
			buildRules = (
			);
			dependencies = (
			);
			name = CoreDataExample;
			productName = CoreDataExample;
			productReference = 3F5FE2F51A0368210028124F /* CoreDataExample.app */;
			productType = "com.apple.product-type.application";
		};
		3F5FE30C1A0368210028124F /* CoreDataExampleTests */ = {
			isa = PBXNativeTarget;
			buildConfigurationList = 3F5FE31A1A0368210028124F /* Build configuration list for PBXNativeTarget "CoreDataExampleTests" */;
			buildPhases = (
				3F5FE3091A0368210028124F /* Sources */,
				3F5FE30A1A0368210028124F /* Frameworks */,
				3F5FE30B1A0368210028124F /* Resources */,
			);
			buildRules = (
			);
			dependencies = (
				3F5FE30F1A0368210028124F /* PBXTargetDependency */,
			);
			name = CoreDataExampleTests;
			productName = CoreDataExampleTests;
			productReference = 3F5FE30D1A0368210028124F /* CoreDataExampleTests.xctest */;
			productType = "com.apple.product-type.bundle.unit-test";
		};
/* End PBXNativeTarget section */

/* Begin PBXProject section */
		3F5FE2ED1A0368210028124F /* Project object */ = {
			isa = PBXProject;
			attributes = {
				LastUpgradeCheck = 0600;
				ORGANIZATIONNAME = Pramot;
				TargetAttributes = {
					3F5FE2F41A0368210028124F = {
						CreatedOnToolsVersion = 6.0;
					};
					3F5FE30C1A0368210028124F = {
						CreatedOnToolsVersion = 6.0;
						TestTargetID = 3F5FE2F41A0368210028124F;
					};
				};
			};
			buildConfigurationList = 3F5FE2F01A0368210028124F /* Build configuration list for PBXProject "CoreDataExample" */;
			compatibilityVersion = "Xcode 3.2";
			developmentRegion = English;
			hasScannedForEncodings = 0;
			knownRegions = (
				en,
				Base,
			);
			mainGroup = 3F5FE2EC1A0368210028124F;
			productRefGroup = 3F5FE2F61A0368210028124F /* Products */;
			projectDirPath = "";
			projectRoot = "";
			targets = (
				3F5FE2F41A0368210028124F /* CoreDataExample */,
				3F5FE30C1A0368210028124F /* CoreDataExampleTests */,
			);
		};
/* End PBXProject section */

/* Begin PBXResourcesBuildPhase section */
		3F5FE2F31A0368210028124F /* Resources */ = {
			isa = PBXResourcesBuildPhase;
			buildActionMask = 2147483647;
			files = (
				3F5FE3031A0368210028124F /* Main.storyboard in Resources */,
				3F5FE3081A0368210028124F /* LaunchScreen.xib in Resources */,
				3F5FE3051A0368210028124F /* Images.xcassets in Resources */,
			);
			runOnlyForDeploymentPostprocessing = 0;
		};
		3F5FE30B1A0368210028124F /* Resources */ = {
			isa = PBXResourcesBuildPhase;
			buildActionMask = 2147483647;
			files = (
			);
			runOnlyForDeploymentPostprocessing = 0;
		};
/* End PBXResourcesBuildPhase section */

/* Begin PBXSourcesBuildPhase section */
		3F5FE2F11A0368210028124F /* Sources */ = {
			isa = PBXSourcesBuildPhase;
			buildActionMask = 2147483647;
			files = (
				3F5FE3001A0368210028124F /* ViewController.swift in Sources */,
				3F5FE2FB1A0368210028124F /* AppDelegate.swift in Sources */,
				3F5FE2FE1A0368210028124F /* CoreDataExample.xcdatamodeld in Sources */,
			);
			runOnlyForDeploymentPostprocessing = 0;
		};
		3F5FE3091A0368210028124F /* Sources */ = {
			isa = PBXSourcesBuildPhase;
			buildActionMask = 2147483647;
			files = (
				3F5FE3141A0368210028124F /* CoreDataExampleTests.swift in Sources */,
			);
			runOnlyForDeploymentPostprocessing = 0;
		};
/* End PBXSourcesBuildPhase section */

/* Begin PBXTargetDependency section */
		3F5FE30F1A0368210028124F /* PBXTargetDependency */ = {
			isa = PBXTargetDependency;
			target = 3F5FE2F41A0368210028124F /* CoreDataExample */;
			targetProxy = 3F5FE30E1A0368210028124F /* PBXContainerItemProxy */;
		};
/* End PBXTargetDependency section */

/* Begin PBXVariantGroup section */
		3F5FE3011A0368210028124F /* Main.storyboard */ = {
			isa = PBXVariantGroup;
			children = (
				3F5FE3021A0368210028124F /* Base */,
			);
			name = Main.storyboard;
			sourceTree = "<group>";
		};
		3F5FE3061A0368210028124F /* LaunchScreen.xib */ = {
			isa = PBXVariantGroup;
			children = (
				3F5FE3071A0368210028124F /* Base */,
			);
			name = LaunchScreen.xib;
			sourceTree = "<group>";
		};
/* End PBXVariantGroup section */

/* Begin XCBuildConfiguration section */
		3F5FE3151A0368210028124F /* Debug */ = {
			isa = XCBuildConfiguration;
			buildSettings = {
				ALWAYS_SEARCH_USER_PATHS = NO;
				CLANG_CXX_LANGUAGE_STANDARD = "gnu++0x";
				CLANG_CXX_LIBRARY = "libc++";
				CLANG_ENABLE_MODULES = YES;
				CLANG_ENABLE_OBJC_ARC = YES;
				CLANG_WARN_BOOL_CONVERSION = YES;
				CLANG_WARN_CONSTANT_CONVERSION = YES;
				CLANG_WARN_DIRECT_OBJC_ISA_USAGE = YES_ERROR;
				CLANG_WARN_EMPTY_BODY = YES;
				CLANG_WARN_ENUM_CONVERSION = YES;
				CLANG_WARN_INT_CONVERSION = YES;
				CLANG_WARN_OBJC_ROOT_CLASS = YES_ERROR;
				CLANG_WARN_UNREACHABLE_CODE = YES;
				CLANG_WARN__DUPLICATE_METHOD_MATCH = YES;
				"CODE_SIGN_IDENTITY[sdk=iphoneos*]" = "iPhone Developer";
				COPY_PHASE_STRIP = NO;
				ENABLE_STRICT_OBJC_MSGSEND = YES;
				GCC_C_LANGUAGE_STANDARD = gnu99;
				GCC_DYNAMIC_NO_PIC = NO;
				GCC_OPTIMIZATION_LEVEL = 0;
				GCC_PREPROCESSOR_DEFINITIONS = (
					"DEBUG=1",
					"$(inherited)",
				);
				GCC_SYMBOLS_PRIVATE_EXTERN = NO;
				GCC_WARN_64_TO_32_BIT_CONVERSION = YES;
				GCC_WARN_ABOUT_RETURN_TYPE = YES_ERROR;
				GCC_WARN_UNDECLARED_SELECTOR = YES;
				GCC_WARN_UNINITIALIZED_AUTOS = YES_AGGRESSIVE;
				GCC_WARN_UNUSED_FUNCTION = YES;
				GCC_WARN_UNUSED_VARIABLE = YES;
				IPHONEOS_DEPLOYMENT_TARGET = 8.0;
				MTL_ENABLE_DEBUG_INFO = YES;
				ONLY_ACTIVE_ARCH = YES;
				SDKROOT = iphoneos;
				SWIFT_OPTIMIZATION_LEVEL = "-Onone";
			};
			name = Debug;
		};
		3F5FE3161A0368210028124F /* Release */ = {
			isa = XCBuildConfiguration;
			buildSettings = {
				ALWAYS_SEARCH_USER_PATHS = NO;
				CLANG_CXX_LANGUAGE_STANDARD = "gnu++0x";
				CLANG_CXX_LIBRARY = "libc++";
				CLANG_ENABLE_MODULES = YES;
				CLANG_ENABLE_OBJC_ARC = YES;
				CLANG_WARN_BOOL_CONVERSION = YES;
				CLANG_WARN_CONSTANT_CONVERSION = YES;
				CLANG_WARN_DIRECT_OBJC_ISA_USAGE = YES_ERROR;
				CLANG_WARN_EMPTY_BODY = YES;
				CLANG_WARN_ENUM_CONVERSION = YES;
				CLANG_WARN_INT_CONVERSION = YES;
				CLANG_WARN_OBJC_ROOT_CLASS = YES_ERROR;
				CLANG_WARN_UNREACHABLE_CODE = YES;
				CLANG_WARN__DUPLICATE_METHOD_MATCH = YES;
				"CODE_SIGN_IDENTITY[sdk=iphoneos*]" = "iPhone Developer";
				COPY_PHASE_STRIP = YES;
				ENABLE_NS_ASSERTIONS = NO;
				ENABLE_STRICT_OBJC_MSGSEND = YES;
				GCC_C_LANGUAGE_STANDARD = gnu99;
				GCC_WARN_64_TO_32_BIT_CONVERSION = YES;
				GCC_WARN_ABOUT_RETURN_TYPE = YES_ERROR;
				GCC_WARN_UNDECLARED_SELECTOR = YES;
				GCC_WARN_UNINITIALIZED_AUTOS = YES_AGGRESSIVE;
				GCC_WARN_UNUSED_FUNCTION = YES;
				GCC_WARN_UNUSED_VARIABLE = YES;
				IPHONEOS_DEPLOYMENT_TARGET = 8.0;
				MTL_ENABLE_DEBUG_INFO = NO;
				SDKROOT = iphoneos;
				VALIDATE_PRODUCT = YES;
			};
			name = Release;
		};
		3F5FE3181A0368210028124F /* Debug */ = {
			isa = XCBuildConfiguration;
			buildSettings = {
				ASSETCATALOG_COMPILER_APPICON_NAME = AppIcon;
				INFOPLIST_FILE = CoreDataExample/Info.plist;
				LD_RUNPATH_SEARCH_PATHS = "$(inherited) @executable_path/Frameworks";
				PRODUCT_NAME = "$(TARGET_NAME)";
			};
			name = Debug;
		};
		3F5FE3191A0368210028124F /* Release */ = {
			isa = XCBuildConfiguration;
			buildSettings = {
				ASSETCATALOG_COMPILER_APPICON_NAME = AppIcon;
				INFOPLIST_FILE = CoreDataExample/Info.plist;
				LD_RUNPATH_SEARCH_PATHS = "$(inherited) @executable_path/Frameworks";
				PRODUCT_NAME = "$(TARGET_NAME)";
			};
			name = Release;
		};
		3F5FE31B1A0368210028124F /* Debug */ = {
			isa = XCBuildConfiguration;
			buildSettings = {
				BUNDLE_LOADER = "$(TEST_HOST)";
				FRAMEWORK_SEARCH_PATHS = (
					"$(SDKROOT)/Developer/Library/Frameworks",
					"$(inherited)",
				);
				GCC_PREPROCESSOR_DEFINITIONS = (
					"DEBUG=1",
					"$(inherited)",
				);
				INFOPLIST_FILE = CoreDataExampleTests/Info.plist;
				LD_RUNPATH_SEARCH_PATHS = "$(inherited) @executable_path/Frameworks @loader_path/Frameworks";
				PRODUCT_NAME = "$(TARGET_NAME)";
				TEST_HOST = "$(BUILT_PRODUCTS_DIR)/CoreDataExample.app/CoreDataExample";
			};
			name = Debug;
		};
		3F5FE31C1A0368210028124F /* Release */ = {
			isa = XCBuildConfiguration;
			buildSettings = {
				BUNDLE_LOADER = "$(TEST_HOST)";
				FRAMEWORK_SEARCH_PATHS = (
					"$(SDKROOT)/Developer/Library/Frameworks",
					"$(inherited)",
				);
				INFOPLIST_FILE = CoreDataExampleTests/Info.plist;
				LD_RUNPATH_SEARCH_PATHS = "$(inherited) @executable_path/Frameworks @loader_path/Frameworks";
				PRODUCT_NAME = "$(TARGET_NAME)";
				TEST_HOST = "$(BUILT_PRODUCTS_DIR)/CoreDataExample.app/CoreDataExample";
			};
			name = Release;
		};
/* End XCBuildConfiguration section */

/* Begin XCConfigurationList section */
		3F5FE2F01A0368210028124F /* Build configuration list for PBXProject "CoreDataExample" */ = {
			isa = XCConfigurationList;
			buildConfigurations = (
				3F5FE3151A0368210028124F /* Debug */,
				3F5FE3161A0368210028124F /* Release */,
			);
			defaultConfigurationIsVisible = 0;
			defaultConfigurationName = Release;
		};
		3F5FE3171A0368210028124F /* Build configuration list for PBXNativeTarget "CoreDataExample" */ = {
			isa = XCConfigurationList;
			buildConfigurations = (
				3F5FE3181A0368210028124F /* Debug */,
				3F5FE3191A0368210028124F /* Release */,
			);
			defaultConfigurationIsVisible = 0;
		};
		3F5FE31A1A0368210028124F /* Build configuration list for PBXNativeTarget "CoreDataExampleTests" */ = {
			isa = XCConfigurationList;
			buildConfigurations = (
				3F5FE31B1A0368210028124F /* Debug */,
				3F5FE31C1A0368210028124F /* Release */,
			);
			defaultConfigurationIsVisible = 0;
		};
/* End XCConfigurationList section */

/* Begin XCVersionGroup section */
		3F5FE2FC1A0368210028124F /* CoreDataExample.xcdatamodeld */ = {
			isa = XCVersionGroup;
			children = (
				3F5FE2FD1A0368210028124F /* CoreDataExample.xcdatamodel */,
			);
			currentVersion = 3F5FE2FD1A0368210028124F /* CoreDataExample.xcdatamodel */;
			path = CoreDataExample.xcdatamodeld;
			sourceTree = "<group>";
			versionGroupType = wrapper.xcdatamodel;
		};
/* End XCVersionGroup section */
	};
	rootObject = 3F5FE2ED1A0368210028124F /* Project object */;
}
