// !$*UTF8*$!
{
	archiveVersion = 1;
	classes = {
	};
	objectVersion = 46;
	objects = {

/* Begin PBXBuildFile section */
		3FC1922119E7B1BB00601FB3 /* AppDelegate.swift in Sources */ = {isa = PBXBuildFile; fileRef = 3FC1922019E7B1BB00601FB3 /* AppDelegate.swift */; };
		3FC1922319E7B1BB00601FB3 /* ViewController.swift in Sources */ = {isa = PBXBuildFile; fileRef = 3FC1922219E7B1BB00601FB3 /* ViewController.swift */; };
		3FC1922619E7B1BB00601FB3 /* Main.storyboard in Resources */ = {isa = PBXBuildFile; fileRef = 3FC1922419E7B1BB00601FB3 /* Main.storyboard */; };
		3FC1922819E7B1BB00601FB3 /* Images.xcassets in Resources */ = {isa = PBXBuildFile; fileRef = 3FC1922719E7B1BB00601FB3 /* Images.xcassets */; };
		3FC1922B19E7B1BB00601FB3 /* LaunchScreen.xib in Resources */ = {isa = PBXBuildFile; fileRef = 3FC1922919E7B1BB00601FB3 /* LaunchScreen.xib */; };
		3FC1923719E7B1BB00601FB3 /* Exam1_55011221005Tests.swift in Sources */ = {isa = PBXBuildFile; fileRef = 3FC1923619E7B1BB00601FB3 /* Exam1_55011221005Tests.swift */; };
		3FC1924319E7B31D00601FB3 /* Bus.png in Resources */ = {isa = PBXBuildFile; fileRef = 3FC1924019E7B31D00601FB3 /* Bus.png */; };
		3FC1924419E7B31D00601FB3 /* Helicopter.png in Resources */ = {isa = PBXBuildFile; fileRef = 3FC1924119E7B31D00601FB3 /* Helicopter.png */; };
		3FC1924519E7B31D00601FB3 /* Truck.png in Resources */ = {isa = PBXBuildFile; fileRef = 3FC1924219E7B31D00601FB3 /* Truck.png */; };
		3FC1924919E7BA6000601FB3 /* sum.swift in Sources */ = {isa = PBXBuildFile; fileRef = 3FC1924819E7BA6000601FB3 /* sum.swift */; };
/* End PBXBuildFile section */

/* Begin PBXContainerItemProxy section */
		3FC1923119E7B1BB00601FB3 /* PBXContainerItemProxy */ = {
			isa = PBXContainerItemProxy;
			containerPortal = 3FC1921319E7B1BB00601FB3 /* Project object */;
			proxyType = 1;
			remoteGlobalIDString = 3FC1921A19E7B1BB00601FB3;
			remoteInfo = Exam1_55011221005;
		};
/* End PBXContainerItemProxy section */

/* Begin PBXFileReference section */
		3FC1921B19E7B1BB00601FB3 /* Exam1_55011221005.app */ = {isa = PBXFileReference; explicitFileType = wrapper.application; includeInIndex = 0; path = Exam1_55011221005.app; sourceTree = BUILT_PRODUCTS_DIR; };
		3FC1921F19E7B1BB00601FB3 /* Info.plist */ = {isa = PBXFileReference; lastKnownFileType = text.plist.xml; path = Info.plist; sourceTree = "<group>"; };
		3FC1922019E7B1BB00601FB3 /* AppDelegate.swift */ = {isa = PBXFileReference; lastKnownFileType = sourcecode.swift; path = AppDelegate.swift; sourceTree = "<group>"; };
		3FC1922219E7B1BB00601FB3 /* ViewController.swift */ = {isa = PBXFileReference; lastKnownFileType = sourcecode.swift; path = ViewController.swift; sourceTree = "<group>"; };
		3FC1922519E7B1BB00601FB3 /* Base */ = {isa = PBXFileReference; lastKnownFileType = file.storyboard; name = Base; path = Base.lproj/Main.storyboard; sourceTree = "<group>"; };
		3FC1922719E7B1BB00601FB3 /* Images.xcassets */ = {isa = PBXFileReference; lastKnownFileType = folder.assetcatalog; path = Images.xcassets; sourceTree = "<group>"; };
		3FC1922A19E7B1BB00601FB3 /* Base */ = {isa = PBXFileReference; lastKnownFileType = file.xib; name = Base; path = Base.lproj/LaunchScreen.xib; sourceTree = "<group>"; };
		3FC1923019E7B1BB00601FB3 /* Exam1_55011221005Tests.xctest */ = {isa = PBXFileReference; explicitFileType = wrapper.cfbundle; includeInIndex = 0; path = Exam1_55011221005Tests.xctest; sourceTree = BUILT_PRODUCTS_DIR; };
		3FC1923519E7B1BB00601FB3 /* Info.plist */ = {isa = PBXFileReference; lastKnownFileType = text.plist.xml; path = Info.plist; sourceTree = "<group>"; };
		3FC1923619E7B1BB00601FB3 /* Exam1_55011221005Tests.swift */ = {isa = PBXFileReference; lastKnownFileType = sourcecode.swift; path = Exam1_55011221005Tests.swift; sourceTree = "<group>"; };
		3FC1924019E7B31D00601FB3 /* Bus.png */ = {isa = PBXFileReference; lastKnownFileType = image.png; path = Bus.png; sourceTree = "<group>"; };
		3FC1924119E7B31D00601FB3 /* Helicopter.png */ = {isa = PBXFileReference; lastKnownFileType = image.png; path = Helicopter.png; sourceTree = "<group>"; };
		3FC1924219E7B31D00601FB3 /* Truck.png */ = {isa = PBXFileReference; lastKnownFileType = image.png; path = Truck.png; sourceTree = "<group>"; };
		3FC1924819E7BA6000601FB3 /* sum.swift */ = {isa = PBXFileReference; fileEncoding = 4; lastKnownFileType = sourcecode.swift; path = sum.swift; sourceTree = "<group>"; };
/* End PBXFileReference section */

/* Begin PBXFrameworksBuildPhase section */
		3FC1921819E7B1BB00601FB3 /* Frameworks */ = {
			isa = PBXFrameworksBuildPhase;
			buildActionMask = 2147483647;
			files = (
			);
			runOnlyForDeploymentPostprocessing = 0;
		};
		3FC1922D19E7B1BB00601FB3 /* Frameworks */ = {
			isa = PBXFrameworksBuildPhase;
			buildActionMask = 2147483647;
			files = (
			);
			runOnlyForDeploymentPostprocessing = 0;
		};
/* End PBXFrameworksBuildPhase section */

/* Begin PBXGroup section */
		3FC1921219E7B1BB00601FB3 = {
			isa = PBXGroup;
			children = (
				3FC1921D19E7B1BB00601FB3 /* Exam1_55011221005 */,
				3FC1923319E7B1BB00601FB3 /* Exam1_55011221005Tests */,
				3FC1921C19E7B1BB00601FB3 /* Products */,
			);
			sourceTree = "<group>";
		};
		3FC1921C19E7B1BB00601FB3 /* Products */ = {
			isa = PBXGroup;
			children = (
				3FC1921B19E7B1BB00601FB3 /* Exam1_55011221005.app */,
				3FC1923019E7B1BB00601FB3 /* Exam1_55011221005Tests.xctest */,
			);
			name = Products;
			sourceTree = "<group>";
		};
		3FC1921D19E7B1BB00601FB3 /* Exam1_55011221005 */ = {
			isa = PBXGroup;
			children = (
				3FC1922019E7B1BB00601FB3 /* AppDelegate.swift */,
				3FC1922219E7B1BB00601FB3 /* ViewController.swift */,
				3FC1922419E7B1BB00601FB3 /* Main.storyboard */,
				3FC1922719E7B1BB00601FB3 /* Images.xcassets */,
				3FC1922919E7B1BB00601FB3 /* LaunchScreen.xib */,
				3FC1921E19E7B1BB00601FB3 /* Supporting Files */,
			);
			path = Exam1_55011221005;
			sourceTree = "<group>";
		};
		3FC1921E19E7B1BB00601FB3 /* Supporting Files */ = {
			isa = PBXGroup;
			children = (
				3FC1924019E7B31D00601FB3 /* Bus.png */,
				3FC1924119E7B31D00601FB3 /* Helicopter.png */,
				3FC1924219E7B31D00601FB3 /* Truck.png */,
				3FC1921F19E7B1BB00601FB3 /* Info.plist */,
				3FC1924819E7BA6000601FB3 /* sum.swift */,
			);
			name = "Supporting Files";
			sourceTree = "<group>";
		};
		3FC1923319E7B1BB00601FB3 /* Exam1_55011221005Tests */ = {
			isa = PBXGroup;
			children = (
				3FC1923619E7B1BB00601FB3 /* Exam1_55011221005Tests.swift */,
				3FC1923419E7B1BB00601FB3 /* Supporting Files */,
			);
			path = Exam1_55011221005Tests;
			sourceTree = "<group>";
		};
		3FC1923419E7B1BB00601FB3 /* Supporting Files */ = {
			isa = PBXGroup;
			children = (
				3FC1923519E7B1BB00601FB3 /* Info.plist */,
			);
			name = "Supporting Files";
			sourceTree = "<group>";
		};
/* End PBXGroup section */

/* Begin PBXNativeTarget section */
		3FC1921A19E7B1BB00601FB3 /* Exam1_55011221005 */ = {
			isa = PBXNativeTarget;
			buildConfigurationList = 3FC1923A19E7B1BB00601FB3 /* Build configuration list for PBXNativeTarget "Exam1_55011221005" */;
			buildPhases = (
				3FC1921719E7B1BB00601FB3 /* Sources */,
				3FC1921819E7B1BB00601FB3 /* Frameworks */,
				3FC1921919E7B1BB00601FB3 /* Resources */,
			);
			buildRules = (
			);
			dependencies = (
			);
			name = Exam1_55011221005;
			productName = Exam1_55011221005;
			productReference = 3FC1921B19E7B1BB00601FB3 /* Exam1_55011221005.app */;
			productType = "com.apple.product-type.application";
		};
		3FC1922F19E7B1BB00601FB3 /* Exam1_55011221005Tests */ = {
			isa = PBXNativeTarget;
			buildConfigurationList = 3FC1923D19E7B1BB00601FB3 /* Build configuration list for PBXNativeTarget "Exam1_55011221005Tests" */;
			buildPhases = (
				3FC1922C19E7B1BB00601FB3 /* Sources */,
				3FC1922D19E7B1BB00601FB3 /* Frameworks */,
				3FC1922E19E7B1BB00601FB3 /* Resources */,
			);
			buildRules = (
			);
			dependencies = (
				3FC1923219E7B1BB00601FB3 /* PBXTargetDependency */,
			);
			name = Exam1_55011221005Tests;
			productName = Exam1_55011221005Tests;
			productReference = 3FC1923019E7B1BB00601FB3 /* Exam1_55011221005Tests.xctest */;
			productType = "com.apple.product-type.bundle.unit-test";
		};
/* End PBXNativeTarget section */

/* Begin PBXProject section */
		3FC1921319E7B1BB00601FB3 /* Project object */ = {
			isa = PBXProject;
			attributes = {
				LastUpgradeCheck = 0600;
				ORGANIZATIONNAME = Student;
				TargetAttributes = {
					3FC1921A19E7B1BB00601FB3 = {
						CreatedOnToolsVersion = 6.0;
					};
					3FC1922F19E7B1BB00601FB3 = {
						CreatedOnToolsVersion = 6.0;
						TestTargetID = 3FC1921A19E7B1BB00601FB3;
					};
				};
			};
			buildConfigurationList = 3FC1921619E7B1BB00601FB3 /* Build configuration list for PBXProject "Exam1_55011221005" */;
			compatibilityVersion = "Xcode 3.2";
			developmentRegion = English;
			hasScannedForEncodings = 0;
			knownRegions = (
				en,
				Base,
			);
			mainGroup = 3FC1921219E7B1BB00601FB3;
			productRefGroup = 3FC1921C19E7B1BB00601FB3 /* Products */;
			projectDirPath = "";
			projectRoot = "";
			targets = (
				3FC1921A19E7B1BB00601FB3 /* Exam1_55011221005 */,
				3FC1922F19E7B1BB00601FB3 /* Exam1_55011221005Tests */,
			);
		};
/* End PBXProject section */

/* Begin PBXResourcesBuildPhase section */
		3FC1921919E7B1BB00601FB3 /* Resources */ = {
			isa = PBXResourcesBuildPhase;
			buildActionMask = 2147483647;
			files = (
				3FC1924419E7B31D00601FB3 /* Helicopter.png in Resources */,
				3FC1924319E7B31D00601FB3 /* Bus.png in Resources */,
				3FC1922619E7B1BB00601FB3 /* Main.storyboard in Resources */,
				3FC1924519E7B31D00601FB3 /* Truck.png in Resources */,
				3FC1922B19E7B1BB00601FB3 /* LaunchScreen.xib in Resources */,
				3FC1922819E7B1BB00601FB3 /* Images.xcassets in Resources */,
			);
			runOnlyForDeploymentPostprocessing = 0;
		};
		3FC1922E19E7B1BB00601FB3 /* Resources */ = {
			isa = PBXResourcesBuildPhase;
			buildActionMask = 2147483647;
			files = (
			);
			runOnlyForDeploymentPostprocessing = 0;
		};
/* End PBXResourcesBuildPhase section */

/* Begin PBXSourcesBuildPhase section */
		3FC1921719E7B1BB00601FB3 /* Sources */ = {
			isa = PBXSourcesBuildPhase;
			buildActionMask = 2147483647;
			files = (
				3FC1922319E7B1BB00601FB3 /* ViewController.swift in Sources */,
				3FC1924919E7BA6000601FB3 /* sum.swift in Sources */,
				3FC1922119E7B1BB00601FB3 /* AppDelegate.swift in Sources */,
			);
			runOnlyForDeploymentPostprocessing = 0;
		};
		3FC1922C19E7B1BB00601FB3 /* Sources */ = {
			isa = PBXSourcesBuildPhase;
			buildActionMask = 2147483647;
			files = (
				3FC1923719E7B1BB00601FB3 /* Exam1_55011221005Tests.swift in Sources */,
			);
			runOnlyForDeploymentPostprocessing = 0;
		};
/* End PBXSourcesBuildPhase section */

/* Begin PBXTargetDependency section */
		3FC1923219E7B1BB00601FB3 /* PBXTargetDependency */ = {
			isa = PBXTargetDependency;
			target = 3FC1921A19E7B1BB00601FB3 /* Exam1_55011221005 */;
			targetProxy = 3FC1923119E7B1BB00601FB3 /* PBXContainerItemProxy */;
		};
/* End PBXTargetDependency section */

/* Begin PBXVariantGroup section */
		3FC1922419E7B1BB00601FB3 /* Main.storyboard */ = {
			isa = PBXVariantGroup;
			children = (
				3FC1922519E7B1BB00601FB3 /* Base */,
			);
			name = Main.storyboard;
			sourceTree = "<group>";
		};
		3FC1922919E7B1BB00601FB3 /* LaunchScreen.xib */ = {
			isa = PBXVariantGroup;
			children = (
				3FC1922A19E7B1BB00601FB3 /* Base */,
			);
			name = LaunchScreen.xib;
			sourceTree = "<group>";
		};
/* End PBXVariantGroup section */

/* Begin XCBuildConfiguration section */
		3FC1923819E7B1BB00601FB3 /* Debug */ = {
			isa = XCBuildConfiguration;
			buildSettings = {
				ALWAYS_SEARCH_USER_PATHS = NO;
				CLANG_CXX_LANGUAGE_STANDARD = "gnu++0x";
				CLANG_CXX_LIBRARY = "libc++";
				CLANG_ENABLE_MODULES = YES;
				CLANG_ENABLE_OBJC_ARC = YES;
				CLANG_WARN_BOOL_CONVERSION = YES;
				CLANG_WARN_CONSTANT_CONVERSION = YES;
				CLANG_WARN_DIRECT_OBJC_ISA_USAGE = YES_ERROR;
				CLANG_WARN_EMPTY_BODY = YES;
				CLANG_WARN_ENUM_CONVERSION = YES;
				CLANG_WARN_INT_CONVERSION = YES;
				CLANG_WARN_OBJC_ROOT_CLASS = YES_ERROR;
				CLANG_WARN_UNREACHABLE_CODE = YES;
				CLANG_WARN__DUPLICATE_METHOD_MATCH = YES;
				"CODE_SIGN_IDENTITY[sdk=iphoneos*]" = "iPhone Developer";
				COPY_PHASE_STRIP = NO;
				ENABLE_STRICT_OBJC_MSGSEND = YES;
				GCC_C_LANGUAGE_STANDARD = gnu99;
				GCC_DYNAMIC_NO_PIC = NO;
				GCC_OPTIMIZATION_LEVEL = 0;
				GCC_PREPROCESSOR_DEFINITIONS = (
					"DEBUG=1",
					"$(inherited)",
				);
				GCC_SYMBOLS_PRIVATE_EXTERN = NO;
				GCC_WARN_64_TO_32_BIT_CONVERSION = YES;
				GCC_WARN_ABOUT_RETURN_TYPE = YES_ERROR;
				GCC_WARN_UNDECLARED_SELECTOR = YES;
				GCC_WARN_UNINITIALIZED_AUTOS = YES_AGGRESSIVE;
				GCC_WARN_UNUSED_FUNCTION = YES;
				GCC_WARN_UNUSED_VARIABLE = YES;
				IPHONEOS_DEPLOYMENT_TARGET = 8.0;
				MTL_ENABLE_DEBUG_INFO = YES;
				ONLY_ACTIVE_ARCH = YES;
				SDKROOT = iphoneos;
				SWIFT_OPTIMIZATION_LEVEL = "-Onone";
			};
			name = Debug;
		};
		3FC1923919E7B1BB00601FB3 /* Release */ = {
			isa = XCBuildConfiguration;
			buildSettings = {
				ALWAYS_SEARCH_USER_PATHS = NO;
				CLANG_CXX_LANGUAGE_STANDARD = "gnu++0x";
				CLANG_CXX_LIBRARY = "libc++";
				CLANG_ENABLE_MODULES = YES;
				CLANG_ENABLE_OBJC_ARC = YES;
				CLANG_WARN_BOOL_CONVERSION = YES;
				CLANG_WARN_CONSTANT_CONVERSION = YES;
				CLANG_WARN_DIRECT_OBJC_ISA_USAGE = YES_ERROR;
				CLANG_WARN_EMPTY_BODY = YES;
				CLANG_WARN_ENUM_CONVERSION = YES;
				CLANG_WARN_INT_CONVERSION = YES;
				CLANG_WARN_OBJC_ROOT_CLASS = YES_ERROR;
				CLANG_WARN_UNREACHABLE_CODE = YES;
				CLANG_WARN__DUPLICATE_METHOD_MATCH = YES;
				"CODE_SIGN_IDENTITY[sdk=iphoneos*]" = "iPhone Developer";
				COPY_PHASE_STRIP = YES;
				ENABLE_NS_ASSERTIONS = NO;
				ENABLE_STRICT_OBJC_MSGSEND = YES;
				GCC_C_LANGUAGE_STANDARD = gnu99;
				GCC_WARN_64_TO_32_BIT_CONVERSION = YES;
				GCC_WARN_ABOUT_RETURN_TYPE = YES_ERROR;
				GCC_WARN_UNDECLARED_SELECTOR = YES;
				GCC_WARN_UNINITIALIZED_AUTOS = YES_AGGRESSIVE;
				GCC_WARN_UNUSED_FUNCTION = YES;
				GCC_WARN_UNUSED_VARIABLE = YES;
				IPHONEOS_DEPLOYMENT_TARGET = 8.0;
				MTL_ENABLE_DEBUG_INFO = NO;
				SDKROOT = iphoneos;
				VALIDATE_PRODUCT = YES;
			};
			name = Release;
		};
		3FC1923B19E7B1BB00601FB3 /* Debug */ = {
			isa = XCBuildConfiguration;
			buildSettings = {
				ASSETCATALOG_COMPILER_APPICON_NAME = AppIcon;
				INFOPLIST_FILE = Exam1_55011221005/Info.plist;
				LD_RUNPATH_SEARCH_PATHS = "$(inherited) @executable_path/Frameworks";
				PRODUCT_NAME = "$(TARGET_NAME)";
			};
			name = Debug;
		};
		3FC1923C19E7B1BB00601FB3 /* Release */ = {
			isa = XCBuildConfiguration;
			buildSettings = {
				ASSETCATALOG_COMPILER_APPICON_NAME = AppIcon;
				INFOPLIST_FILE = Exam1_55011221005/Info.plist;
				LD_RUNPATH_SEARCH_PATHS = "$(inherited) @executable_path/Frameworks";
				PRODUCT_NAME = "$(TARGET_NAME)";
			};
			name = Release;
		};
		3FC1923E19E7B1BB00601FB3 /* Debug */ = {
			isa = XCBuildConfiguration;
			buildSettings = {
				BUNDLE_LOADER = "$(TEST_HOST)";
				FRAMEWORK_SEARCH_PATHS = (
					"$(SDKROOT)/Developer/Library/Frameworks",
					"$(inherited)",
				);
				GCC_PREPROCESSOR_DEFINITIONS = (
					"DEBUG=1",
					"$(inherited)",
				);
				INFOPLIST_FILE = Exam1_55011221005Tests/Info.plist;
				LD_RUNPATH_SEARCH_PATHS = "$(inherited) @executable_path/Frameworks @loader_path/Frameworks";
				PRODUCT_NAME = "$(TARGET_NAME)";
				TEST_HOST = "$(BUILT_PRODUCTS_DIR)/Exam1_55011221005.app/Exam1_55011221005";
			};
			name = Debug;
		};
		3FC1923F19E7B1BB00601FB3 /* Release */ = {
			isa = XCBuildConfiguration;
			buildSettings = {
				BUNDLE_LOADER = "$(TEST_HOST)";
				FRAMEWORK_SEARCH_PATHS = (
					"$(SDKROOT)/Developer/Library/Frameworks",
					"$(inherited)",
				);
				INFOPLIST_FILE = Exam1_55011221005Tests/Info.plist;
				LD_RUNPATH_SEARCH_PATHS = "$(inherited) @executable_path/Frameworks @loader_path/Frameworks";
				PRODUCT_NAME = "$(TARGET_NAME)";
				TEST_HOST = "$(BUILT_PRODUCTS_DIR)/Exam1_55011221005.app/Exam1_55011221005";
			};
			name = Release;
		};
/* End XCBuildConfiguration section */

/* Begin XCConfigurationList section */
		3FC1921619E7B1BB00601FB3 /* Build configuration list for PBXProject "Exam1_55011221005" */ = {
			isa = XCConfigurationList;
			buildConfigurations = (
				3FC1923819E7B1BB00601FB3 /* Debug */,
				3FC1923919E7B1BB00601FB3 /* Release */,
			);
			defaultConfigurationIsVisible = 0;
			defaultConfigurationName = Release;
		};
		3FC1923A19E7B1BB00601FB3 /* Build configuration list for PBXNativeTarget "Exam1_55011221005" */ = {
			isa = XCConfigurationList;
			buildConfigurations = (
				3FC1923B19E7B1BB00601FB3 /* Debug */,
				3FC1923C19E7B1BB00601FB3 /* Release */,
			);
			defaultConfigurationIsVisible = 0;
		};
		3FC1923D19E7B1BB00601FB3 /* Build configuration list for PBXNativeTarget "Exam1_55011221005Tests" */ = {
			isa = XCConfigurationList;
			buildConfigurations = (
				3FC1923E19E7B1BB00601FB3 /* Debug */,
				3FC1923F19E7B1BB00601FB3 /* Release */,
			);
			defaultConfigurationIsVisible = 0;
		};
/* End XCConfigurationList section */
	};
	rootObject = 3FC1921319E7B1BB00601FB3 /* Project object */;
}
