// !$*UTF8*$!
{
	archiveVersion = 1;
	classes = {
	};
	objectVersion = 46;
	objects = {

/* Begin PBXBuildFile section */
		3F8EE31C19D2AF16006ECBAC /* AppDelegate.swift in Sources */ = {isa = PBXBuildFile; fileRef = 3F8EE31B19D2AF16006ECBAC /* AppDelegate.swift */; };
		3F8EE31E19D2AF16006ECBAC /* ViewController.swift in Sources */ = {isa = PBXBuildFile; fileRef = 3F8EE31D19D2AF16006ECBAC /* ViewController.swift */; };
		3F8EE32119D2AF16006ECBAC /* Main.storyboard in Resources */ = {isa = PBXBuildFile; fileRef = 3F8EE31F19D2AF16006ECBAC /* Main.storyboard */; };
		3F8EE32319D2AF16006ECBAC /* Images.xcassets in Resources */ = {isa = PBXBuildFile; fileRef = 3F8EE32219D2AF16006ECBAC /* Images.xcassets */; };
		3F8EE32619D2AF16006ECBAC /* LaunchScreen.xib in Resources */ = {isa = PBXBuildFile; fileRef = 3F8EE32419D2AF16006ECBAC /* LaunchScreen.xib */; };
		3F8EE33219D2AF16006ECBAC /* RandomTests.swift in Sources */ = {isa = PBXBuildFile; fileRef = 3F8EE33119D2AF16006ECBAC /* RandomTests.swift */; };
/* End PBXBuildFile section */

/* Begin PBXContainerItemProxy section */
		3F8EE32C19D2AF16006ECBAC /* PBXContainerItemProxy */ = {
			isa = PBXContainerItemProxy;
			containerPortal = 3F8EE30E19D2AF16006ECBAC /* Project object */;
			proxyType = 1;
			remoteGlobalIDString = 3F8EE31519D2AF16006ECBAC;
			remoteInfo = Random;
		};
/* End PBXContainerItemProxy section */

/* Begin PBXFileReference section */
		3F8EE31619D2AF16006ECBAC /* Random.app */ = {isa = PBXFileReference; explicitFileType = wrapper.application; includeInIndex = 0; path = Random.app; sourceTree = BUILT_PRODUCTS_DIR; };
		3F8EE31A19D2AF16006ECBAC /* Info.plist */ = {isa = PBXFileReference; lastKnownFileType = text.plist.xml; path = Info.plist; sourceTree = "<group>"; };
		3F8EE31B19D2AF16006ECBAC /* AppDelegate.swift */ = {isa = PBXFileReference; lastKnownFileType = sourcecode.swift; path = AppDelegate.swift; sourceTree = "<group>"; };
		3F8EE31D19D2AF16006ECBAC /* ViewController.swift */ = {isa = PBXFileReference; lastKnownFileType = sourcecode.swift; path = ViewController.swift; sourceTree = "<group>"; };
		3F8EE32019D2AF16006ECBAC /* Base */ = {isa = PBXFileReference; lastKnownFileType = file.storyboard; name = Base; path = Base.lproj/Main.storyboard; sourceTree = "<group>"; };
		3F8EE32219D2AF16006ECBAC /* Images.xcassets */ = {isa = PBXFileReference; lastKnownFileType = folder.assetcatalog; path = Images.xcassets; sourceTree = "<group>"; };
		3F8EE32519D2AF16006ECBAC /* Base */ = {isa = PBXFileReference; lastKnownFileType = file.xib; name = Base; path = Base.lproj/LaunchScreen.xib; sourceTree = "<group>"; };
		3F8EE32B19D2AF16006ECBAC /* RandomTests.xctest */ = {isa = PBXFileReference; explicitFileType = wrapper.cfbundle; includeInIndex = 0; path = RandomTests.xctest; sourceTree = BUILT_PRODUCTS_DIR; };
		3F8EE33019D2AF16006ECBAC /* Info.plist */ = {isa = PBXFileReference; lastKnownFileType = text.plist.xml; path = Info.plist; sourceTree = "<group>"; };
		3F8EE33119D2AF16006ECBAC /* RandomTests.swift */ = {isa = PBXFileReference; lastKnownFileType = sourcecode.swift; path = RandomTests.swift; sourceTree = "<group>"; };
/* End PBXFileReference section */

/* Begin PBXFrameworksBuildPhase section */
		3F8EE31319D2AF16006ECBAC /* Frameworks */ = {
			isa = PBXFrameworksBuildPhase;
			buildActionMask = 2147483647;
			files = (
			);
			runOnlyForDeploymentPostprocessing = 0;
		};
		3F8EE32819D2AF16006ECBAC /* Frameworks */ = {
			isa = PBXFrameworksBuildPhase;
			buildActionMask = 2147483647;
			files = (
			);
			runOnlyForDeploymentPostprocessing = 0;
		};
/* End PBXFrameworksBuildPhase section */

/* Begin PBXGroup section */
		3F8EE30D19D2AF16006ECBAC = {
			isa = PBXGroup;
			children = (
				3F8EE31819D2AF16006ECBAC /* Random */,
				3F8EE32E19D2AF16006ECBAC /* RandomTests */,
				3F8EE31719D2AF16006ECBAC /* Products */,
			);
			sourceTree = "<group>";
		};
		3F8EE31719D2AF16006ECBAC /* Products */ = {
			isa = PBXGroup;
			children = (
				3F8EE31619D2AF16006ECBAC /* Random.app */,
				3F8EE32B19D2AF16006ECBAC /* RandomTests.xctest */,
			);
			name = Products;
			sourceTree = "<group>";
		};
		3F8EE31819D2AF16006ECBAC /* Random */ = {
			isa = PBXGroup;
			children = (
				3F8EE31B19D2AF16006ECBAC /* AppDelegate.swift */,
				3F8EE31D19D2AF16006ECBAC /* ViewController.swift */,
				3F8EE31F19D2AF16006ECBAC /* Main.storyboard */,
				3F8EE32219D2AF16006ECBAC /* Images.xcassets */,
				3F8EE32419D2AF16006ECBAC /* LaunchScreen.xib */,
				3F8EE31919D2AF16006ECBAC /* Supporting Files */,
			);
			path = Random;
			sourceTree = "<group>";
		};
		3F8EE31919D2AF16006ECBAC /* Supporting Files */ = {
			isa = PBXGroup;
			children = (
				3F8EE31A19D2AF16006ECBAC /* Info.plist */,
			);
			name = "Supporting Files";
			sourceTree = "<group>";
		};
		3F8EE32E19D2AF16006ECBAC /* RandomTests */ = {
			isa = PBXGroup;
			children = (
				3F8EE33119D2AF16006ECBAC /* RandomTests.swift */,
				3F8EE32F19D2AF16006ECBAC /* Supporting Files */,
			);
			path = RandomTests;
			sourceTree = "<group>";
		};
		3F8EE32F19D2AF16006ECBAC /* Supporting Files */ = {
			isa = PBXGroup;
			children = (
				3F8EE33019D2AF16006ECBAC /* Info.plist */,
			);
			name = "Supporting Files";
			sourceTree = "<group>";
		};
/* End PBXGroup section */

/* Begin PBXNativeTarget section */
		3F8EE31519D2AF16006ECBAC /* Random */ = {
			isa = PBXNativeTarget;
			buildConfigurationList = 3F8EE33519D2AF16006ECBAC /* Build configuration list for PBXNativeTarget "Random" */;
			buildPhases = (
				3F8EE31219D2AF16006ECBAC /* Sources */,
				3F8EE31319D2AF16006ECBAC /* Frameworks */,
				3F8EE31419D2AF16006ECBAC /* Resources */,
			);
			buildRules = (
			);
			dependencies = (
			);
			name = Random;
			productName = Random;
			productReference = 3F8EE31619D2AF16006ECBAC /* Random.app */;
			productType = "com.apple.product-type.application";
		};
		3F8EE32A19D2AF16006ECBAC /* RandomTests */ = {
			isa = PBXNativeTarget;
			buildConfigurationList = 3F8EE33819D2AF16006ECBAC /* Build configuration list for PBXNativeTarget "RandomTests" */;
			buildPhases = (
				3F8EE32719D2AF16006ECBAC /* Sources */,
				3F8EE32819D2AF16006ECBAC /* Frameworks */,
				3F8EE32919D2AF16006ECBAC /* Resources */,
			);
			buildRules = (
			);
			dependencies = (
				3F8EE32D19D2AF16006ECBAC /* PBXTargetDependency */,
			);
			name = RandomTests;
			productName = RandomTests;
			productReference = 3F8EE32B19D2AF16006ECBAC /* RandomTests.xctest */;
			productType = "com.apple.product-type.bundle.unit-test";
		};
/* End PBXNativeTarget section */

/* Begin PBXProject section */
		3F8EE30E19D2AF16006ECBAC /* Project object */ = {
			isa = PBXProject;
			attributes = {
				LastUpgradeCheck = 0600;
				ORGANIZATIONNAME = student;
				TargetAttributes = {
					3F8EE31519D2AF16006ECBAC = {
						CreatedOnToolsVersion = 6.0;
					};
					3F8EE32A19D2AF16006ECBAC = {
						CreatedOnToolsVersion = 6.0;
						TestTargetID = 3F8EE31519D2AF16006ECBAC;
					};
				};
			};
			buildConfigurationList = 3F8EE31119D2AF16006ECBAC /* Build configuration list for PBXProject "Random" */;
			compatibilityVersion = "Xcode 3.2";
			developmentRegion = English;
			hasScannedForEncodings = 0;
			knownRegions = (
				en,
				Base,
			);
			mainGroup = 3F8EE30D19D2AF16006ECBAC;
			productRefGroup = 3F8EE31719D2AF16006ECBAC /* Products */;
			projectDirPath = "";
			projectRoot = "";
			targets = (
				3F8EE31519D2AF16006ECBAC /* Random */,
				3F8EE32A19D2AF16006ECBAC /* RandomTests */,
			);
		};
/* End PBXProject section */

/* Begin PBXResourcesBuildPhase section */
		3F8EE31419D2AF16006ECBAC /* Resources */ = {
			isa = PBXResourcesBuildPhase;
			buildActionMask = 2147483647;
			files = (
				3F8EE32119D2AF16006ECBAC /* Main.storyboard in Resources */,
				3F8EE32619D2AF16006ECBAC /* LaunchScreen.xib in Resources */,
				3F8EE32319D2AF16006ECBAC /* Images.xcassets in Resources */,
			);
			runOnlyForDeploymentPostprocessing = 0;
		};
		3F8EE32919D2AF16006ECBAC /* Resources */ = {
			isa = PBXResourcesBuildPhase;
			buildActionMask = 2147483647;
			files = (
			);
			runOnlyForDeploymentPostprocessing = 0;
		};
/* End PBXResourcesBuildPhase section */

/* Begin PBXSourcesBuildPhase section */
		3F8EE31219D2AF16006ECBAC /* Sources */ = {
			isa = PBXSourcesBuildPhase;
			buildActionMask = 2147483647;
			files = (
				3F8EE31E19D2AF16006ECBAC /* ViewController.swift in Sources */,
				3F8EE31C19D2AF16006ECBAC /* AppDelegate.swift in Sources */,
			);
			runOnlyForDeploymentPostprocessing = 0;
		};
		3F8EE32719D2AF16006ECBAC /* Sources */ = {
			isa = PBXSourcesBuildPhase;
			buildActionMask = 2147483647;
			files = (
				3F8EE33219D2AF16006ECBAC /* RandomTests.swift in Sources */,
			);
			runOnlyForDeploymentPostprocessing = 0;
		};
/* End PBXSourcesBuildPhase section */

/* Begin PBXTargetDependency section */
		3F8EE32D19D2AF16006ECBAC /* PBXTargetDependency */ = {
			isa = PBXTargetDependency;
			target = 3F8EE31519D2AF16006ECBAC /* Random */;
			targetProxy = 3F8EE32C19D2AF16006ECBAC /* PBXContainerItemProxy */;
		};
/* End PBXTargetDependency section */

/* Begin PBXVariantGroup section */
		3F8EE31F19D2AF16006ECBAC /* Main.storyboard */ = {
			isa = PBXVariantGroup;
			children = (
				3F8EE32019D2AF16006ECBAC /* Base */,
			);
			name = Main.storyboard;
			sourceTree = "<group>";
		};
		3F8EE32419D2AF16006ECBAC /* LaunchScreen.xib */ = {
			isa = PBXVariantGroup;
			children = (
				3F8EE32519D2AF16006ECBAC /* Base */,
			);
			name = LaunchScreen.xib;
			sourceTree = "<group>";
		};
/* End PBXVariantGroup section */

/* Begin XCBuildConfiguration section */
		3F8EE33319D2AF16006ECBAC /* Debug */ = {
			isa = XCBuildConfiguration;
			buildSettings = {
				ALWAYS_SEARCH_USER_PATHS = NO;
				CLANG_CXX_LANGUAGE_STANDARD = "gnu++0x";
				CLANG_CXX_LIBRARY = "libc++";
				CLANG_ENABLE_MODULES = YES;
				CLANG_ENABLE_OBJC_ARC = YES;
				CLANG_WARN_BOOL_CONVERSION = YES;
				CLANG_WARN_CONSTANT_CONVERSION = YES;
				CLANG_WARN_DIRECT_OBJC_ISA_USAGE = YES_ERROR;
				CLANG_WARN_EMPTY_BODY = YES;
				CLANG_WARN_ENUM_CONVERSION = YES;
				CLANG_WARN_INT_CONVERSION = YES;
				CLANG_WARN_OBJC_ROOT_CLASS = YES_ERROR;
				CLANG_WARN_UNREACHABLE_CODE = YES;
				CLANG_WARN__DUPLICATE_METHOD_MATCH = YES;
				"CODE_SIGN_IDENTITY[sdk=iphoneos*]" = "iPhone Developer";
				COPY_PHASE_STRIP = NO;
				ENABLE_STRICT_OBJC_MSGSEND = YES;
				GCC_C_LANGUAGE_STANDARD = gnu99;
				GCC_DYNAMIC_NO_PIC = NO;
				GCC_OPTIMIZATION_LEVEL = 0;
				GCC_PREPROCESSOR_DEFINITIONS = (
					"DEBUG=1",
					"$(inherited)",
				);
				GCC_SYMBOLS_PRIVATE_EXTERN = NO;
				GCC_WARN_64_TO_32_BIT_CONVERSION = YES;
				GCC_WARN_ABOUT_RETURN_TYPE = YES_ERROR;
				GCC_WARN_UNDECLARED_SELECTOR = YES;
				GCC_WARN_UNINITIALIZED_AUTOS = YES_AGGRESSIVE;
				GCC_WARN_UNUSED_FUNCTION = YES;
				GCC_WARN_UNUSED_VARIABLE = YES;
				IPHONEOS_DEPLOYMENT_TARGET = 8.0;
				MTL_ENABLE_DEBUG_INFO = YES;
				ONLY_ACTIVE_ARCH = YES;
				SDKROOT = iphoneos;
				SWIFT_OPTIMIZATION_LEVEL = "-Onone";
			};
			name = Debug;
		};
		3F8EE33419D2AF16006ECBAC /* Release */ = {
			isa = XCBuildConfiguration;
			buildSettings = {
				ALWAYS_SEARCH_USER_PATHS = NO;
				CLANG_CXX_LANGUAGE_STANDARD = "gnu++0x";
				CLANG_CXX_LIBRARY = "libc++";
				CLANG_ENABLE_MODULES = YES;
				CLANG_ENABLE_OBJC_ARC = YES;
				CLANG_WARN_BOOL_CONVERSION = YES;
				CLANG_WARN_CONSTANT_CONVERSION = YES;
				CLANG_WARN_DIRECT_OBJC_ISA_USAGE = YES_ERROR;
				CLANG_WARN_EMPTY_BODY = YES;
				CLANG_WARN_ENUM_CONVERSION = YES;
				CLANG_WARN_INT_CONVERSION = YES;
				CLANG_WARN_OBJC_ROOT_CLASS = YES_ERROR;
				CLANG_WARN_UNREACHABLE_CODE = YES;
				CLANG_WARN__DUPLICATE_METHOD_MATCH = YES;
				"CODE_SIGN_IDENTITY[sdk=iphoneos*]" = "iPhone Developer";
				COPY_PHASE_STRIP = YES;
				ENABLE_NS_ASSERTIONS = NO;
				ENABLE_STRICT_OBJC_MSGSEND = YES;
				GCC_C_LANGUAGE_STANDARD = gnu99;
				GCC_WARN_64_TO_32_BIT_CONVERSION = YES;
				GCC_WARN_ABOUT_RETURN_TYPE = YES_ERROR;
				GCC_WARN_UNDECLARED_SELECTOR = YES;
				GCC_WARN_UNINITIALIZED_AUTOS = YES_AGGRESSIVE;
				GCC_WARN_UNUSED_FUNCTION = YES;
				GCC_WARN_UNUSED_VARIABLE = YES;
				IPHONEOS_DEPLOYMENT_TARGET = 8.0;
				MTL_ENABLE_DEBUG_INFO = NO;
				SDKROOT = iphoneos;
				VALIDATE_PRODUCT = YES;
			};
			name = Release;
		};
		3F8EE33619D2AF16006ECBAC /* Debug */ = {
			isa = XCBuildConfiguration;
			buildSettings = {
				ASSETCATALOG_COMPILER_APPICON_NAME = AppIcon;
				INFOPLIST_FILE = Random/Info.plist;
				LD_RUNPATH_SEARCH_PATHS = "$(inherited) @executable_path/Frameworks";
				PRODUCT_NAME = "$(TARGET_NAME)";
			};
			name = Debug;
		};
		3F8EE33719D2AF16006ECBAC /* Release */ = {
			isa = XCBuildConfiguration;
			buildSettings = {
				ASSETCATALOG_COMPILER_APPICON_NAME = AppIcon;
				INFOPLIST_FILE = Random/Info.plist;
				LD_RUNPATH_SEARCH_PATHS = "$(inherited) @executable_path/Frameworks";
				PRODUCT_NAME = "$(TARGET_NAME)";
			};
			name = Release;
		};
		3F8EE33919D2AF16006ECBAC /* Debug */ = {
			isa = XCBuildConfiguration;
			buildSettings = {
				BUNDLE_LOADER = "$(TEST_HOST)";
				FRAMEWORK_SEARCH_PATHS = (
					"$(SDKROOT)/Developer/Library/Frameworks",
					"$(inherited)",
				);
				GCC_PREPROCESSOR_DEFINITIONS = (
					"DEBUG=1",
					"$(inherited)",
				);
				INFOPLIST_FILE = RandomTests/Info.plist;
				LD_RUNPATH_SEARCH_PATHS = "$(inherited) @executable_path/Frameworks @loader_path/Frameworks";
				PRODUCT_NAME = "$(TARGET_NAME)";
				TEST_HOST = "$(BUILT_PRODUCTS_DIR)/Random.app/Random";
			};
			name = Debug;
		};
		3F8EE33A19D2AF16006ECBAC /* Release */ = {
			isa = XCBuildConfiguration;
			buildSettings = {
				BUNDLE_LOADER = "$(TEST_HOST)";
				FRAMEWORK_SEARCH_PATHS = (
					"$(SDKROOT)/Developer/Library/Frameworks",
					"$(inherited)",
				);
				INFOPLIST_FILE = RandomTests/Info.plist;
				LD_RUNPATH_SEARCH_PATHS = "$(inherited) @executable_path/Frameworks @loader_path/Frameworks";
				PRODUCT_NAME = "$(TARGET_NAME)";
				TEST_HOST = "$(BUILT_PRODUCTS_DIR)/Random.app/Random";
			};
			name = Release;
		};
/* End XCBuildConfiguration section */

/* Begin XCConfigurationList section */
		3F8EE31119D2AF16006ECBAC /* Build configuration list for PBXProject "Random" */ = {
			isa = XCConfigurationList;
			buildConfigurations = (
				3F8EE33319D2AF16006ECBAC /* Debug */,
				3F8EE33419D2AF16006ECBAC /* Release */,
			);
			defaultConfigurationIsVisible = 0;
			defaultConfigurationName = Release;
		};
		3F8EE33519D2AF16006ECBAC /* Build configuration list for PBXNativeTarget "Random" */ = {
			isa = XCConfigurationList;
			buildConfigurations = (
				3F8EE33619D2AF16006ECBAC /* Debug */,
				3F8EE33719D2AF16006ECBAC /* Release */,
			);
			defaultConfigurationIsVisible = 0;
		};
		3F8EE33819D2AF16006ECBAC /* Build configuration list for PBXNativeTarget "RandomTests" */ = {
			isa = XCConfigurationList;
			buildConfigurations = (
				3F8EE33919D2AF16006ECBAC /* Debug */,
				3F8EE33A19D2AF16006ECBAC /* Release */,
			);
			defaultConfigurationIsVisible = 0;
		};
/* End XCConfigurationList section */
	};
	rootObject = 3F8EE30E19D2AF16006ECBAC /* Project object */;
}
