// !$*UTF8*$!
{
	archiveVersion = 1;
	classes = {
	};
	objectVersion = 46;
	objects = {

/* Begin PBXBuildFile section */
		3F9999EC19DE778D00755D2E /* AppDelegate.swift in Sources */ = {isa = PBXBuildFile; fileRef = 3F9999EB19DE778D00755D2E /* AppDelegate.swift */; };
		3F9999EE19DE778D00755D2E /* ViewController.swift in Sources */ = {isa = PBXBuildFile; fileRef = 3F9999ED19DE778D00755D2E /* ViewController.swift */; };
		3F9999F119DE778D00755D2E /* Main.storyboard in Resources */ = {isa = PBXBuildFile; fileRef = 3F9999EF19DE778D00755D2E /* Main.storyboard */; };
		3F9999F319DE778D00755D2E /* Images.xcassets in Resources */ = {isa = PBXBuildFile; fileRef = 3F9999F219DE778D00755D2E /* Images.xcassets */; };
		3F9999F619DE778D00755D2E /* LaunchScreen.xib in Resources */ = {isa = PBXBuildFile; fileRef = 3F9999F419DE778D00755D2E /* LaunchScreen.xib */; };
		3F999A0219DE778D00755D2E /* TableViewTests.swift in Sources */ = {isa = PBXBuildFile; fileRef = 3F999A0119DE778D00755D2E /* TableViewTests.swift */; };
/* End PBXBuildFile section */

/* Begin PBXContainerItemProxy section */
		3F9999FC19DE778D00755D2E /* PBXContainerItemProxy */ = {
			isa = PBXContainerItemProxy;
			containerPortal = 3F9999DE19DE778D00755D2E /* Project object */;
			proxyType = 1;
			remoteGlobalIDString = 3F9999E519DE778D00755D2E;
			remoteInfo = TableView;
		};
/* End PBXContainerItemProxy section */

/* Begin PBXFileReference section */
		3F9999E619DE778D00755D2E /* TableView.app */ = {isa = PBXFileReference; explicitFileType = wrapper.application; includeInIndex = 0; path = TableView.app; sourceTree = BUILT_PRODUCTS_DIR; };
		3F9999EA19DE778D00755D2E /* Info.plist */ = {isa = PBXFileReference; lastKnownFileType = text.plist.xml; path = Info.plist; sourceTree = "<group>"; };
		3F9999EB19DE778D00755D2E /* AppDelegate.swift */ = {isa = PBXFileReference; lastKnownFileType = sourcecode.swift; path = AppDelegate.swift; sourceTree = "<group>"; };
		3F9999ED19DE778D00755D2E /* ViewController.swift */ = {isa = PBXFileReference; lastKnownFileType = sourcecode.swift; path = ViewController.swift; sourceTree = "<group>"; };
		3F9999F019DE778D00755D2E /* Base */ = {isa = PBXFileReference; lastKnownFileType = file.storyboard; name = Base; path = Base.lproj/Main.storyboard; sourceTree = "<group>"; };
		3F9999F219DE778D00755D2E /* Images.xcassets */ = {isa = PBXFileReference; lastKnownFileType = folder.assetcatalog; path = Images.xcassets; sourceTree = "<group>"; };
		3F9999F519DE778D00755D2E /* Base */ = {isa = PBXFileReference; lastKnownFileType = file.xib; name = Base; path = Base.lproj/LaunchScreen.xib; sourceTree = "<group>"; };
		3F9999FB19DE778D00755D2E /* TableViewTests.xctest */ = {isa = PBXFileReference; explicitFileType = wrapper.cfbundle; includeInIndex = 0; path = TableViewTests.xctest; sourceTree = BUILT_PRODUCTS_DIR; };
		3F999A0019DE778D00755D2E /* Info.plist */ = {isa = PBXFileReference; lastKnownFileType = text.plist.xml; path = Info.plist; sourceTree = "<group>"; };
		3F999A0119DE778D00755D2E /* TableViewTests.swift */ = {isa = PBXFileReference; lastKnownFileType = sourcecode.swift; path = TableViewTests.swift; sourceTree = "<group>"; };
/* End PBXFileReference section */

/* Begin PBXFrameworksBuildPhase section */
		3F9999E319DE778D00755D2E /* Frameworks */ = {
			isa = PBXFrameworksBuildPhase;
			buildActionMask = 2147483647;
			files = (
			);
			runOnlyForDeploymentPostprocessing = 0;
		};
		3F9999F819DE778D00755D2E /* Frameworks */ = {
			isa = PBXFrameworksBuildPhase;
			buildActionMask = 2147483647;
			files = (
			);
			runOnlyForDeploymentPostprocessing = 0;
		};
/* End PBXFrameworksBuildPhase section */

/* Begin PBXGroup section */
		3F9999DD19DE778D00755D2E = {
			isa = PBXGroup;
			children = (
				3F9999E819DE778D00755D2E /* TableView */,
				3F9999FE19DE778D00755D2E /* TableViewTests */,
				3F9999E719DE778D00755D2E /* Products */,
			);
			sourceTree = "<group>";
		};
		3F9999E719DE778D00755D2E /* Products */ = {
			isa = PBXGroup;
			children = (
				3F9999E619DE778D00755D2E /* TableView.app */,
				3F9999FB19DE778D00755D2E /* TableViewTests.xctest */,
			);
			name = Products;
			sourceTree = "<group>";
		};
		3F9999E819DE778D00755D2E /* TableView */ = {
			isa = PBXGroup;
			children = (
				3F9999EB19DE778D00755D2E /* AppDelegate.swift */,
				3F9999ED19DE778D00755D2E /* ViewController.swift */,
				3F9999EF19DE778D00755D2E /* Main.storyboard */,
				3F9999F219DE778D00755D2E /* Images.xcassets */,
				3F9999F419DE778D00755D2E /* LaunchScreen.xib */,
				3F9999E919DE778D00755D2E /* Supporting Files */,
			);
			path = TableView;
			sourceTree = "<group>";
		};
		3F9999E919DE778D00755D2E /* Supporting Files */ = {
			isa = PBXGroup;
			children = (
				3F9999EA19DE778D00755D2E /* Info.plist */,
			);
			name = "Supporting Files";
			sourceTree = "<group>";
		};
		3F9999FE19DE778D00755D2E /* TableViewTests */ = {
			isa = PBXGroup;
			children = (
				3F999A0119DE778D00755D2E /* TableViewTests.swift */,
				3F9999FF19DE778D00755D2E /* Supporting Files */,
			);
			path = TableViewTests;
			sourceTree = "<group>";
		};
		3F9999FF19DE778D00755D2E /* Supporting Files */ = {
			isa = PBXGroup;
			children = (
				3F999A0019DE778D00755D2E /* Info.plist */,
			);
			name = "Supporting Files";
			sourceTree = "<group>";
		};
/* End PBXGroup section */

/* Begin PBXNativeTarget section */
		3F9999E519DE778D00755D2E /* TableView */ = {
			isa = PBXNativeTarget;
			buildConfigurationList = 3F999A0519DE778D00755D2E /* Build configuration list for PBXNativeTarget "TableView" */;
			buildPhases = (
				3F9999E219DE778D00755D2E /* Sources */,
				3F9999E319DE778D00755D2E /* Frameworks */,
				3F9999E419DE778D00755D2E /* Resources */,
			);
			buildRules = (
			);
			dependencies = (
			);
			name = TableView;
			productName = TableView;
			productReference = 3F9999E619DE778D00755D2E /* TableView.app */;
			productType = "com.apple.product-type.application";
		};
		3F9999FA19DE778D00755D2E /* TableViewTests */ = {
			isa = PBXNativeTarget;
			buildConfigurationList = 3F999A0819DE778D00755D2E /* Build configuration list for PBXNativeTarget "TableViewTests" */;
			buildPhases = (
				3F9999F719DE778D00755D2E /* Sources */,
				3F9999F819DE778D00755D2E /* Frameworks */,
				3F9999F919DE778D00755D2E /* Resources */,
			);
			buildRules = (
			);
			dependencies = (
				3F9999FD19DE778D00755D2E /* PBXTargetDependency */,
			);
			name = TableViewTests;
			productName = TableViewTests;
			productReference = 3F9999FB19DE778D00755D2E /* TableViewTests.xctest */;
			productType = "com.apple.product-type.bundle.unit-test";
		};
/* End PBXNativeTarget section */

/* Begin PBXProject section */
		3F9999DE19DE778D00755D2E /* Project object */ = {
			isa = PBXProject;
			attributes = {
				LastUpgradeCheck = 0600;
				ORGANIZATIONNAME = student;
				TargetAttributes = {
					3F9999E519DE778D00755D2E = {
						CreatedOnToolsVersion = 6.0;
					};
					3F9999FA19DE778D00755D2E = {
						CreatedOnToolsVersion = 6.0;
						TestTargetID = 3F9999E519DE778D00755D2E;
					};
				};
			};
			buildConfigurationList = 3F9999E119DE778D00755D2E /* Build configuration list for PBXProject "TableView" */;
			compatibilityVersion = "Xcode 3.2";
			developmentRegion = English;
			hasScannedForEncodings = 0;
			knownRegions = (
				en,
				Base,
			);
			mainGroup = 3F9999DD19DE778D00755D2E;
			productRefGroup = 3F9999E719DE778D00755D2E /* Products */;
			projectDirPath = "";
			projectRoot = "";
			targets = (
				3F9999E519DE778D00755D2E /* TableView */,
				3F9999FA19DE778D00755D2E /* TableViewTests */,
			);
		};
/* End PBXProject section */

/* Begin PBXResourcesBuildPhase section */
		3F9999E419DE778D00755D2E /* Resources */ = {
			isa = PBXResourcesBuildPhase;
			buildActionMask = 2147483647;
			files = (
				3F9999F119DE778D00755D2E /* Main.storyboard in Resources */,
				3F9999F619DE778D00755D2E /* LaunchScreen.xib in Resources */,
				3F9999F319DE778D00755D2E /* Images.xcassets in Resources */,
			);
			runOnlyForDeploymentPostprocessing = 0;
		};
		3F9999F919DE778D00755D2E /* Resources */ = {
			isa = PBXResourcesBuildPhase;
			buildActionMask = 2147483647;
			files = (
			);
			runOnlyForDeploymentPostprocessing = 0;
		};
/* End PBXResourcesBuildPhase section */

/* Begin PBXSourcesBuildPhase section */
		3F9999E219DE778D00755D2E /* Sources */ = {
			isa = PBXSourcesBuildPhase;
			buildActionMask = 2147483647;
			files = (
				3F9999EE19DE778D00755D2E /* ViewController.swift in Sources */,
				3F9999EC19DE778D00755D2E /* AppDelegate.swift in Sources */,
			);
			runOnlyForDeploymentPostprocessing = 0;
		};
		3F9999F719DE778D00755D2E /* Sources */ = {
			isa = PBXSourcesBuildPhase;
			buildActionMask = 2147483647;
			files = (
				3F999A0219DE778D00755D2E /* TableViewTests.swift in Sources */,
			);
			runOnlyForDeploymentPostprocessing = 0;
		};
/* End PBXSourcesBuildPhase section */

/* Begin PBXTargetDependency section */
		3F9999FD19DE778D00755D2E /* PBXTargetDependency */ = {
			isa = PBXTargetDependency;
			target = 3F9999E519DE778D00755D2E /* TableView */;
			targetProxy = 3F9999FC19DE778D00755D2E /* PBXContainerItemProxy */;
		};
/* End PBXTargetDependency section */

/* Begin PBXVariantGroup section */
		3F9999EF19DE778D00755D2E /* Main.storyboard */ = {
			isa = PBXVariantGroup;
			children = (
				3F9999F019DE778D00755D2E /* Base */,
			);
			name = Main.storyboard;
			sourceTree = "<group>";
		};
		3F9999F419DE778D00755D2E /* LaunchScreen.xib */ = {
			isa = PBXVariantGroup;
			children = (
				3F9999F519DE778D00755D2E /* Base */,
			);
			name = LaunchScreen.xib;
			sourceTree = "<group>";
		};
/* End PBXVariantGroup section */

/* Begin XCBuildConfiguration section */
		3F999A0319DE778D00755D2E /* Debug */ = {
			isa = XCBuildConfiguration;
			buildSettings = {
				ALWAYS_SEARCH_USER_PATHS = NO;
				CLANG_CXX_LANGUAGE_STANDARD = "gnu++0x";
				CLANG_CXX_LIBRARY = "libc++";
				CLANG_ENABLE_MODULES = YES;
				CLANG_ENABLE_OBJC_ARC = YES;
				CLANG_WARN_BOOL_CONVERSION = YES;
				CLANG_WARN_CONSTANT_CONVERSION = YES;
				CLANG_WARN_DIRECT_OBJC_ISA_USAGE = YES_ERROR;
				CLANG_WARN_EMPTY_BODY = YES;
				CLANG_WARN_ENUM_CONVERSION = YES;
				CLANG_WARN_INT_CONVERSION = YES;
				CLANG_WARN_OBJC_ROOT_CLASS = YES_ERROR;
				CLANG_WARN_UNREACHABLE_CODE = YES;
				CLANG_WARN__DUPLICATE_METHOD_MATCH = YES;
				"CODE_SIGN_IDENTITY[sdk=iphoneos*]" = "iPhone Developer";
				COPY_PHASE_STRIP = NO;
				ENABLE_STRICT_OBJC_MSGSEND = YES;
				GCC_C_LANGUAGE_STANDARD = gnu99;
				GCC_DYNAMIC_NO_PIC = NO;
				GCC_OPTIMIZATION_LEVEL = 0;
				GCC_PREPROCESSOR_DEFINITIONS = (
					"DEBUG=1",
					"$(inherited)",
				);
				GCC_SYMBOLS_PRIVATE_EXTERN = NO;
				GCC_WARN_64_TO_32_BIT_CONVERSION = YES;
				GCC_WARN_ABOUT_RETURN_TYPE = YES_ERROR;
				GCC_WARN_UNDECLARED_SELECTOR = YES;
				GCC_WARN_UNINITIALIZED_AUTOS = YES_AGGRESSIVE;
				GCC_WARN_UNUSED_FUNCTION = YES;
				GCC_WARN_UNUSED_VARIABLE = YES;
				IPHONEOS_DEPLOYMENT_TARGET = 8.0;
				MTL_ENABLE_DEBUG_INFO = YES;
				ONLY_ACTIVE_ARCH = YES;
				SDKROOT = iphoneos;
				SWIFT_OPTIMIZATION_LEVEL = "-Onone";
			};
			name = Debug;
		};
		3F999A0419DE778D00755D2E /* Release */ = {
			isa = XCBuildConfiguration;
			buildSettings = {
				ALWAYS_SEARCH_USER_PATHS = NO;
				CLANG_CXX_LANGUAGE_STANDARD = "gnu++0x";
				CLANG_CXX_LIBRARY = "libc++";
				CLANG_ENABLE_MODULES = YES;
				CLANG_ENABLE_OBJC_ARC = YES;
				CLANG_WARN_BOOL_CONVERSION = YES;
				CLANG_WARN_CONSTANT_CONVERSION = YES;
				CLANG_WARN_DIRECT_OBJC_ISA_USAGE = YES_ERROR;
				CLANG_WARN_EMPTY_BODY = YES;
				CLANG_WARN_ENUM_CONVERSION = YES;
				CLANG_WARN_INT_CONVERSION = YES;
				CLANG_WARN_OBJC_ROOT_CLASS = YES_ERROR;
				CLANG_WARN_UNREACHABLE_CODE = YES;
				CLANG_WARN__DUPLICATE_METHOD_MATCH = YES;
				"CODE_SIGN_IDENTITY[sdk=iphoneos*]" = "iPhone Developer";
				COPY_PHASE_STRIP = YES;
				ENABLE_NS_ASSERTIONS = NO;
				ENABLE_STRICT_OBJC_MSGSEND = YES;
				GCC_C_LANGUAGE_STANDARD = gnu99;
				GCC_WARN_64_TO_32_BIT_CONVERSION = YES;
				GCC_WARN_ABOUT_RETURN_TYPE = YES_ERROR;
				GCC_WARN_UNDECLARED_SELECTOR = YES;
				GCC_WARN_UNINITIALIZED_AUTOS = YES_AGGRESSIVE;
				GCC_WARN_UNUSED_FUNCTION = YES;
				GCC_WARN_UNUSED_VARIABLE = YES;
				IPHONEOS_DEPLOYMENT_TARGET = 8.0;
				MTL_ENABLE_DEBUG_INFO = NO;
				SDKROOT = iphoneos;
				VALIDATE_PRODUCT = YES;
			};
			name = Release;
		};
		3F999A0619DE778D00755D2E /* Debug */ = {
			isa = XCBuildConfiguration;
			buildSettings = {
				ASSETCATALOG_COMPILER_APPICON_NAME = AppIcon;
				INFOPLIST_FILE = TableView/Info.plist;
				LD_RUNPATH_SEARCH_PATHS = "$(inherited) @executable_path/Frameworks";
				PRODUCT_NAME = "$(TARGET_NAME)";
			};
			name = Debug;
		};
		3F999A0719DE778D00755D2E /* Release */ = {
			isa = XCBuildConfiguration;
			buildSettings = {
				ASSETCATALOG_COMPILER_APPICON_NAME = AppIcon;
				INFOPLIST_FILE = TableView/Info.plist;
				LD_RUNPATH_SEARCH_PATHS = "$(inherited) @executable_path/Frameworks";
				PRODUCT_NAME = "$(TARGET_NAME)";
			};
			name = Release;
		};
		3F999A0919DE778D00755D2E /* Debug */ = {
			isa = XCBuildConfiguration;
			buildSettings = {
				BUNDLE_LOADER = "$(TEST_HOST)";
				FRAMEWORK_SEARCH_PATHS = (
					"$(SDKROOT)/Developer/Library/Frameworks",
					"$(inherited)",
				);
				GCC_PREPROCESSOR_DEFINITIONS = (
					"DEBUG=1",
					"$(inherited)",
				);
				INFOPLIST_FILE = TableViewTests/Info.plist;
				LD_RUNPATH_SEARCH_PATHS = "$(inherited) @executable_path/Frameworks @loader_path/Frameworks";
				PRODUCT_NAME = "$(TARGET_NAME)";
				TEST_HOST = "$(BUILT_PRODUCTS_DIR)/TableView.app/TableView";
			};
			name = Debug;
		};
		3F999A0A19DE778D00755D2E /* Release */ = {
			isa = XCBuildConfiguration;
			buildSettings = {
				BUNDLE_LOADER = "$(TEST_HOST)";
				FRAMEWORK_SEARCH_PATHS = (
					"$(SDKROOT)/Developer/Library/Frameworks",
					"$(inherited)",
				);
				INFOPLIST_FILE = TableViewTests/Info.plist;
				LD_RUNPATH_SEARCH_PATHS = "$(inherited) @executable_path/Frameworks @loader_path/Frameworks";
				PRODUCT_NAME = "$(TARGET_NAME)";
				TEST_HOST = "$(BUILT_PRODUCTS_DIR)/TableView.app/TableView";
			};
			name = Release;
		};
/* End XCBuildConfiguration section */

/* Begin XCConfigurationList section */
		3F9999E119DE778D00755D2E /* Build configuration list for PBXProject "TableView" */ = {
			isa = XCConfigurationList;
			buildConfigurations = (
				3F999A0319DE778D00755D2E /* Debug */,
				3F999A0419DE778D00755D2E /* Release */,
			);
			defaultConfigurationIsVisible = 0;
			defaultConfigurationName = Release;
		};
		3F999A0519DE778D00755D2E /* Build configuration list for PBXNativeTarget "TableView" */ = {
			isa = XCConfigurationList;
			buildConfigurations = (
				3F999A0619DE778D00755D2E /* Debug */,
				3F999A0719DE778D00755D2E /* Release */,
			);
			defaultConfigurationIsVisible = 0;
		};
		3F999A0819DE778D00755D2E /* Build configuration list for PBXNativeTarget "TableViewTests" */ = {
			isa = XCConfigurationList;
			buildConfigurations = (
				3F999A0919DE778D00755D2E /* Debug */,
				3F999A0A19DE778D00755D2E /* Release */,
			);
			defaultConfigurationIsVisible = 0;
		};
/* End XCConfigurationList section */
	};
	rootObject = 3F9999DE19DE778D00755D2E /* Project object */;
}
